// !$*UTF8*$!
{
	archiveVersion = 1;
	classes = {
	};
	objectVersion = 54;
	objects = {

/* Begin PBXBuildFile section */
		1E21BE89F1FBC66024883907 /* AegisVaultApp.swift in Sources */ = {isa = PBXBuildFile; fileRef = B3FF1E93A5A536B9F18AFE85 /* AegisVaultApp.swift */; };
		C66439B6E05752375E3E1827 /* SecureVaultKit in Frameworks */ = {isa = PBXBuildFile; productRef = EAC076680CA3AC4D82949433 /* SecureVaultKit */; };
		D85C95BF57FB50C303058E72 /* RootView.swift in Sources */ = {isa = PBXBuildFile; fileRef = AF0950382155569DD4C1A7C3 /* RootView.swift */; };
		E24097F927FD66DCFB7DE1FA /* AppContainer.swift in Sources */ = {isa = PBXBuildFile; fileRef = 8CE7D7D8D9A39A6FBD5F5149 /* AppContainer.swift */; };
/* End PBXBuildFile section */

/* Begin PBXFileReference section */
		8CE7D7D8D9A39A6FBD5F5149 /* AppContainer.swift */ = {isa = PBXFileReference; lastKnownFileType = sourcecode.swift; path = AppContainer.swift; sourceTree = "<group>"; };
		8D4C535065C978E138F2879D /* AegisVault.app */ = {isa = PBXFileReference; includeInIndex = 0; lastKnownFileType = wrapper.application; path = AegisVault.app; sourceTree = BUILT_PRODUCTS_DIR; };
		AF0950382155569DD4C1A7C3 /* RootView.swift */ = {isa = PBXFileReference; lastKnownFileType = sourcecode.swift; path = RootView.swift; sourceTree = "<group>"; };
		B3FF1E93A5A536B9F18AFE85 /* AegisVaultApp.swift */ = {isa = PBXFileReference; lastKnownFileType = sourcecode.swift; path = AegisVaultApp.swift; sourceTree = "<group>"; };
		CB2833A66149CA2D80D74886 /* SecureVaultKit */ = {isa = PBXFileReference; lastKnownFileType = folder; name = SecureVaultKit; path = ../../packages/SecureVaultKit; sourceTree = SOURCE_ROOT; };
/* End PBXFileReference section */

/* Begin PBXFrameworksBuildPhase section */
		A2F4B58C28F6A022C113768D /* Frameworks */ = {
			isa = PBXFrameworksBuildPhase;
			buildActionMask = 2147483647;
			files = (
				C66439B6E05752375E3E1827 /* SecureVaultKit in Frameworks */,
			);
			runOnlyForDeploymentPostprocessing = 0;
		};
/* End PBXFrameworksBuildPhase section */

/* Begin PBXGroup section */
		2A5BF66F06C309AF2D7598C7 /* RunnableApp */ = {
			isa = PBXGroup;
			children = (
				B3FF1E93A5A536B9F18AFE85 /* AegisVaultApp.swift */,
				8CE7D7D8D9A39A6FBD5F5149 /* AppContainer.swift */,
				AF0950382155569DD4C1A7C3 /* RootView.swift */,
			);
			path = RunnableApp;
			sourceTree = "<group>";
		};
		33A48D25F697E5E12D17C99A = {
			isa = PBXGroup;
			children = (
				CCCAFB23D69DEA9EDA316B94 /* Packages */,
				2A5BF66F06C309AF2D7598C7 /* RunnableApp */,
				E83244AA5E14A9171B0F2C67 /* Products */,
			);
			sourceTree = "<group>";
		};
		CCCAFB23D69DEA9EDA316B94 /* Packages */ = {
			isa = PBXGroup;
			children = (
				CB2833A66149CA2D80D74886 /* SecureVaultKit */,
			);
			name = Packages;
			sourceTree = "<group>";
		};
		E83244AA5E14A9171B0F2C67 /* Products */ = {
			isa = PBXGroup;
			children = (
				8D4C535065C978E138F2879D /* AegisVault.app */,
			);
			name = Products;
			sourceTree = "<group>";
		};
/* End PBXGroup section */

/* Begin PBXNativeTarget section */
		7A66638CD3D6821D2A3906C4 /* AegisVault */ = {
			isa = PBXNativeTarget;
			buildConfigurationList = C67817A40717238E16AF4869 /* Build configuration list for PBXNativeTarget "AegisVault" */;
			buildPhases = (
				6FA494E415AB144EC9375DB4 /* Sources */,
				A2F4B58C28F6A022C113768D /* Frameworks */,
			);
			buildRules = (
			);
			dependencies = (
			);
			name = AegisVault;
			packageProductDependencies = (
				EAC076680CA3AC4D82949433 /* SecureVaultKit */,
			);
			productName = AegisVault;
			productReference = 8D4C535065C978E138F2879D /* AegisVault.app */;
			productType = "com.apple.product-type.application";
		};
/* End PBXNativeTarget section */

/* Begin PBXProject section */
		1027D51C232821083A959308 /* Project object */ = {
			isa = PBXProject;
			attributes = {
				BuildIndependentTargetsInParallel = YES;
				LastUpgradeCheck = 1430;
				TargetAttributes = {
				};
			};
			buildConfigurationList = AA53771A35868C1A57483DC1 /* Build configuration list for PBXProject "AegisVault" */;
			compatibilityVersion = "Xcode 14.0";
			developmentRegion = en;
			hasScannedForEncodings = 0;
			knownRegions = (
				Base,
				en,
			);
			mainGroup = 33A48D25F697E5E12D17C99A;
			packageReferences = (
				B9F2F5BAD22EAACB3FC2EA25 /* XCLocalSwiftPackageReference "../../packages/SecureVaultKit" */,
			);
			projectDirPath = "";
			projectRoot = "";
			targets = (
				7A66638CD3D6821D2A3906C4 /* AegisVault */,
			);
		};
/* End PBXProject section */

/* Begin PBXSourcesBuildPhase section */
		6FA494E415AB144EC9375DB4 /* Sources */ = {
			isa = PBXSourcesBuildPhase;
			buildActionMask = 2147483647;
			files = (
				1E21BE89F1FBC66024883907 /* AegisVaultApp.swift in Sources */,
				E24097F927FD66DCFB7DE1FA /* AppContainer.swift in Sources */,
				D85C95BF57FB50C303058E72 /* RootView.swift in Sources */,
			);
			runOnlyForDeploymentPostprocessing = 0;
		};
/* End PBXSourcesBuildPhase section */

/* Begin XCBuildConfiguration section */
		095AE27BA2EE064835EA96B1 /* Debug */ = {
			isa = XCBuildConfiguration;
			buildSettings = {
				ASSETCATALOG_COMPILER_APPICON_NAME = AppIcon;
				CODE_SIGN_IDENTITY = "iPhone Developer";
				GENERATE_INFOPLIST_FILE = YES;
				INFOPLIST_KEY_CFBundleDisplayName = AegisVault;
				INFOPLIST_KEY_UILaunchScreen_Generation = YES;
				IPHONEOS_DEPLOYMENT_TARGET = 17.0;
				LD_RUNPATH_SEARCH_PATHS = (
					"$(inherited)",
					"@executable_path/Frameworks",
				);
				PRODUCT_BUNDLE_IDENTIFIER = com.aegisvault.app;
				PRODUCT_NAME = AegisVault;
				SDKROOT = iphoneos;
				SWIFT_VERSION = 5.0;
				TARGETED_DEVICE_FAMILY = "1,2";
			};
			name = Debug;
		};
		32671A5A41F99AEF274E7B3A /* Release */ = {
			isa = XCBuildConfiguration;
			buildSettings = {
				ASSETCATALOG_COMPILER_APPICON_NAME = AppIcon;
				CODE_SIGN_IDENTITY = "iPhone Developer";
				GENERATE_INFOPLIST_FILE = YES;
				INFOPLIST_KEY_CFBundleDisplayName = AegisVault;
				INFOPLIST_KEY_UILaunchScreen_Generation = YES;
				IPHONEOS_DEPLOYMENT_TARGET = 17.0;
				LD_RUNPATH_SEARCH_PATHS = (
					"$(inherited)",
					"@executable_path/Frameworks",
				);
				PRODUCT_BUNDLE_IDENTIFIER = com.aegisvault.app;
				PRODUCT_NAME = AegisVault;
				SDKROOT = iphoneos;
				SWIFT_VERSION = 5.0;
				TARGETED_DEVICE_FAMILY = "1,2";
			};
			name = Release;
		};
		5AB8DF27769FFBB55D318D86 /* Debug */ = {
			isa = XCBuildConfiguration;
			buildSettings = {
				ALWAYS_SEARCH_USER_PATHS = NO;
				CLANG_ANALYZER_NONNULL = YES;
				CLANG_ANALYZER_NUMBER_OBJECT_CONVERSION = YES_AGGRESSIVE;
				CLANG_CXX_LANGUAGE_STANDARD = "gnu++14";
				CLANG_CXX_LIBRARY = "libc++";
				CLANG_ENABLE_MODULES = YES;
				CLANG_ENABLE_OBJC_ARC = YES;
				CLANG_ENABLE_OBJC_WEAK = YES;
				CLANG_WARN_BLOCK_CAPTURE_AUTORELEASING = YES;
				CLANG_WARN_BOOL_CONVERSION = YES;
				CLANG_WARN_COMMA = YES;
				CLANG_WARN_CONSTANT_CONVERSION = YES;
				CLANG_WARN_DEPRECATED_OBJC_IMPLEMENTATIONS = YES;
				CLANG_WARN_DIRECT_OBJC_ISA_USAGE = YES_ERROR;
				CLANG_WARN_DOCUMENTATION_COMMENTS = YES;
				CLANG_WARN_EMPTY_BODY = YES;
				CLANG_WARN_ENUM_CONVERSION = YES;
				CLANG_WARN_INFINITE_RECURSION = YES;
				CLANG_WARN_INT_CONVERSION = YES;
				CLANG_WARN_NON_LITERAL_NULL_CONVERSION = YES;
				CLANG_WARN_OBJC_IMPLICIT_RETAIN_SELF = YES;
				CLANG_WARN_OBJC_LITERAL_CONVERSION = YES;
				CLANG_WARN_OBJC_ROOT_CLASS = YES_ERROR;
				CLANG_WARN_QUOTED_INCLUDE_IN_FRAMEWORK_HEADER = YES;
				CLANG_WARN_RANGE_LOOP_ANALYSIS = YES;
				CLANG_WARN_STRICT_PROTOTYPES = YES;
				CLANG_WARN_SUSPICIOUS_MOVE = YES;
				CLANG_WARN_UNGUARDED_AVAILABILITY = YES_AGGRESSIVE;
				CLANG_WARN_UNREACHABLE_CODE = YES;
				CLANG_WARN__DUPLICATE_METHOD_MATCH = YES;
				COPY_PHASE_STRIP = NO;
				DEBUG_INFORMATION_FORMAT = dwarf;
				ENABLE_STRICT_OBJC_MSGSEND = YES;
				ENABLE_TESTABILITY = YES;
				GCC_C_LANGUAGE_STANDARD = gnu11;
				GCC_DYNAMIC_NO_PIC = NO;
				GCC_NO_COMMON_BLOCKS = YES;
				GCC_OPTIMIZATION_LEVEL = 0;
				GCC_PREPROCESSOR_DEFINITIONS = (
					"$(inherited)",
					"DEBUG=1",
				);
				GCC_WARN_64_TO_32_BIT_CONVERSION = YES;
				GCC_WARN_ABOUT_RETURN_TYPE = YES_ERROR;
				GCC_WARN_UNDECLARED_SELECTOR = YES;
				GCC_WARN_UNINITIALIZED_AUTOS = YES_AGGRESSIVE;
				GCC_WARN_UNUSED_FUNCTION = YES;
				GCC_WARN_UNUSED_VARIABLE = YES;
				IPHONEOS_DEPLOYMENT_TARGET = 17.0;
				MTL_ENABLE_DEBUG_INFO = INCLUDE_SOURCE;
				MTL_FAST_MATH = YES;
				ONLY_ACTIVE_ARCH = YES;
				PRODUCT_NAME = "$(TARGET_NAME)";
				SDKROOT = iphoneos;
				SWIFT_ACTIVE_COMPILATION_CONDITIONS = DEBUG;
				SWIFT_OPTIMIZATION_LEVEL = "-Onone";
				SWIFT_VERSION = 5.0;
			};
			name = Debug;
		};
		B46E88D02F838E0CFEE45912 /* Release */ = {
			isa = XCBuildConfiguration;
			buildSettings = {
				ALWAYS_SEARCH_USER_PATHS = NO;
				CLANG_ANALYZER_NONNULL = YES;
				CLANG_ANALYZER_NUMBER_OBJECT_CONVERSION = YES_AGGRESSIVE;
				CLANG_CXX_LANGUAGE_STANDARD = "gnu++14";
				CLANG_CXX_LIBRARY = "libc++";
				CLANG_ENABLE_MODULES = YES;
				CLANG_ENABLE_OBJC_ARC = YES;
				CLANG_ENABLE_OBJC_WEAK = YES;
				CLANG_WARN_BLOCK_CAPTURE_AUTORELEASING = YES;
				CLANG_WARN_BOOL_CONVERSION = YES;
				CLANG_WARN_COMMA = YES;
				CLANG_WARN_CONSTANT_CONVERSION = YES;
				CLANG_WARN_DEPRECATED_OBJC_IMPLEMENTATIONS = YES;
				CLANG_WARN_DIRECT_OBJC_ISA_USAGE = YES_ERROR;
				CLANG_WARN_DOCUMENTATION_COMMENTS = YES;
				CLANG_WARN_EMPTY_BODY = YES;
				CLANG_WARN_ENUM_CONVERSION = YES;
				CLANG_WARN_INFINITE_RECURSION = YES;
				CLANG_WARN_INT_CONVERSION = YES;
				CLANG_WARN_NON_LITERAL_NULL_CONVERSION = YES;
				CLANG_WARN_OBJC_IMPLICIT_RETAIN_SELF = YES;
				CLANG_WARN_OBJC_LITERAL_CONVERSION = YES;
				CLANG_WARN_OBJC_ROOT_CLASS = YES_ERROR;
				CLANG_WARN_QUOTED_INCLUDE_IN_FRAMEWORK_HEADER = YES;
				CLANG_WARN_RANGE_LOOP_ANALYSIS = YES;
				CLANG_WARN_STRICT_PROTOTYPES = YES;
				CLANG_WARN_SUSPICIOUS_MOVE = YES;
				CLANG_WARN_UNGUARDED_AVAILABILITY = YES_AGGRESSIVE;
				CLANG_WARN_UNREACHABLE_CODE = YES;
				CLANG_WARN__DUPLICATE_METHOD_MATCH = YES;
				COPY_PHASE_STRIP = NO;
				DEBUG_INFORMATION_FORMAT = "dwarf-with-dsym";
				ENABLE_NS_ASSERTIONS = NO;
				ENABLE_STRICT_OBJC_MSGSEND = YES;
				GCC_C_LANGUAGE_STANDARD = gnu11;
				GCC_NO_COMMON_BLOCKS = YES;
				GCC_WARN_64_TO_32_BIT_CONVERSION = YES;
				GCC_WARN_ABOUT_RETURN_TYPE = YES_ERROR;
				GCC_WARN_UNDECLARED_SELECTOR = YES;
				GCC_WARN_UNINITIALIZED_AUTOS = YES_AGGRESSIVE;
				GCC_WARN_UNUSED_FUNCTION = YES;
				GCC_WARN_UNUSED_VARIABLE = YES;
				IPHONEOS_DEPLOYMENT_TARGET = 17.0;
				MTL_ENABLE_DEBUG_INFO = NO;
				MTL_FAST_MATH = YES;
				PRODUCT_NAME = "$(TARGET_NAME)";
				SDKROOT = iphoneos;
				SWIFT_COMPILATION_MODE = wholemodule;
				SWIFT_OPTIMIZATION_LEVEL = "-O";
				SWIFT_VERSION = 5.0;
			};
			name = Release;
		};
/* End XCBuildConfiguration section */

/* Begin XCConfigurationList section */
		AA53771A35868C1A57483DC1 /* Build configuration list for PBXProject "AegisVault" */ = {
			isa = XCConfigurationList;
			buildConfigurations = (
				5AB8DF27769FFBB55D318D86 /* Debug */,
				B46E88D02F838E0CFEE45912 /* Release */,
			);
			defaultConfigurationIsVisible = 0;
			defaultConfigurationName = Debug;
		};
		C67817A40717238E16AF4869 /* Build configuration list for PBXNativeTarget "AegisVault" */ = {
			isa = XCConfigurationList;
			buildConfigurations = (
				095AE27BA2EE064835EA96B1 /* Debug */,
				32671A5A41F99AEF274E7B3A /* Release */,
			);
			defaultConfigurationIsVisible = 0;
			defaultConfigurationName = Debug;
		};
/* End XCConfigurationList section */

/* Begin XCLocalSwiftPackageReference section */
		B9F2F5BAD22EAACB3FC2EA25 /* XCLocalSwiftPackageReference "../../packages/SecureVaultKit" */ = {
			isa = XCLocalSwiftPackageReference;
			relativePath = ../../packages/SecureVaultKit;
		};
/* End XCLocalSwiftPackageReference section */

/* Begin XCSwiftPackageProductDependency section */
		EAC076680CA3AC4D82949433 /* SecureVaultKit */ = {
			isa = XCSwiftPackageProductDependency;
			productName = SecureVaultKit;
		};
/* End XCSwiftPackageProductDependency section */
	};
	rootObject = 1027D51C232821083A959308 /* Project object */;
}
