// !$*UTF8*$!
{
	archiveVersion = 1;
	classes = {
	};
	objectVersion = 54;
	objects = {

/* Begin PBXBuildFile section */
		024AC765CAA8AE6EC679BBED /* OnboardingView.swift in Sources */ = {isa = PBXBuildFile; fileRef = 24B84E58C35F2DAF8BD2649F /* OnboardingView.swift */; };
		02862947C8C168787C82C6DB /* UseCaseTests.swift in Sources */ = {isa = PBXBuildFile; fileRef = D0BF6DAC22261B0FA6548B3A /* UseCaseTests.swift */; };
		0433C1D45FD7139EE08CFA2F /* UpdateSecureNoteUseCase.swift in Sources */ = {isa = PBXBuildFile; fileRef = 843AB3C587E3DC2795842040 /* UpdateSecureNoteUseCase.swift */; };
		04B440D30934709B450FE41B /* RecoverySettingsState.swift in Sources */ = {isa = PBXBuildFile; fileRef = 622D85A71ABEB385B9FE088B /* RecoverySettingsState.swift */; };
		05A379AE26A7AD5931C5C249 /* ListVaultObjectsUseCase.swift in Sources */ = {isa = PBXBuildFile; fileRef = DDA87A58DD31584380588D95 /* ListVaultObjectsUseCase.swift */; };
		05DF0A30DB3BDE0F25CABB81 /* ThumbnailViewState.swift in Sources */ = {isa = PBXBuildFile; fileRef = 3949738A79411F85B7CDA016 /* ThumbnailViewState.swift */; };
		0B1189CE790ECFB910263DD2 /* IdentityEditorViewModel.swift in Sources */ = {isa = PBXBuildFile; fileRef = 45D3DBEE669563CB1C111616 /* IdentityEditorViewModel.swift */; };
		0C023AE9AAEFF1C27DA61864 /* ThumbnailImageView.swift in Sources */ = {isa = PBXBuildFile; fileRef = 65B772AB259FF0495E31460A /* ThumbnailImageView.swift */; };
		0EF662145ACB75E974EEC3A4 /* SearchVaultUseCase.swift in Sources */ = {isa = PBXBuildFile; fileRef = 89E182B6556F6FD11D77BCA9 /* SearchVaultUseCase.swift */; };
		13DD89BF59B2C07487F0F916 /* UnlockViewModel.swift in Sources */ = {isa = PBXBuildFile; fileRef = 188A2DB91CA659B7EC266D3F /* UnlockViewModel.swift */; };
		18D728D5E839242D4DC62054 /* SettingsSecurityViewModelTests.swift in Sources */ = {isa = PBXBuildFile; fileRef = 306954ECB2EE21048A4EAE1C /* SettingsSecurityViewModelTests.swift */; };
		191E89D3EEB708EE3CCD7AD3 /* SecureNoteAggregate.swift in Sources */ = {isa = PBXBuildFile; fileRef = 03267E545D6AA1EE933B551F /* SecureNoteAggregate.swift */; };
		1A613E0E59CDBE80C690EC03 /* IdentityEditorViewModelTests.swift in Sources */ = {isa = PBXBuildFile; fileRef = 7926DEEAAAD25C02C909FF25 /* IdentityEditorViewModelTests.swift */; };
		1B115DF0F4F0653BCB136EB7 /* VaultHomeViewModel.swift in Sources */ = {isa = PBXBuildFile; fileRef = 8FADABB948F92B76A29148AE /* VaultHomeViewModel.swift */; };
		1B2440E41D7DCE4AF630E62C /* ValidationError.swift in Sources */ = {isa = PBXBuildFile; fileRef = CC9A4B80195041303EA2882A /* ValidationError.swift */; };
		1CB9A07DDE4A4D046EB0BBA1 /* IdentityEditorViewData.swift in Sources */ = {isa = PBXBuildFile; fileRef = C2F6B5D670DC9E97B8209827 /* IdentityEditorViewData.swift */; };
		1E69F79BEA31275F0C3E6AB1 /* DocumentValidator.swift in Sources */ = {isa = PBXBuildFile; fileRef = CCCAD800E40A30CA46525C2B /* DocumentValidator.swift */; };
		1F7C2D8D9B9A41A8F3F5F2A1 /* VaultObjectAggregate.swift in Sources */ = {isa = PBXBuildFile; fileRef = 01E28EEFB79788550086355C /* VaultObjectAggregate.swift */; };
		20B461381EF2DD81E78F74AD /* RootView.swift in Sources */ = {isa = PBXBuildFile; fileRef = 71C24F2B9B178E4E851D7108 /* RootView.swift */; };
		228731B5E4B80A459F3538C6 /* DocumentImportFileInfo.swift in Sources */ = {isa = PBXBuildFile; fileRef = D869CBFC9D1316E1FAB36274 /* DocumentImportFileInfo.swift */; };
		22BFA50EF282B1894AE8D4AD /* SettingsView.swift in Sources */ = {isa = PBXBuildFile; fileRef = 51230AD038FAFDCCD5A4DC49 /* SettingsView.swift */; };
		24095452A5096B87BF1188F4 /* CardValidator.swift in Sources */ = {isa = PBXBuildFile; fileRef = 96C5712F96038CB859E763A8 /* CardValidator.swift */; };
		265C447343697FB2841D9A81 /* AppNavigationCoordinator.swift in Sources */ = {isa = PBXBuildFile; fileRef = 7C063F150F18F660F878C508 /* AppNavigationCoordinator.swift */; };
		31337F499F24AD67D2EC4171 /* CardEditorViewModelTests.swift in Sources */ = {isa = PBXBuildFile; fileRef = 842CEF338E4416B28FE587E2 /* CardEditorViewModelTests.swift */; };
		324F042CD735D4047A661257 /* ErrorMapperTests.swift in Sources */ = {isa = PBXBuildFile; fileRef = 6F40D2B6B6FA4133FEDB4D40 /* ErrorMapperTests.swift */; };
		34BAD90A831A640CEB02F30A /* UnlockState.swift in Sources */ = {isa = PBXBuildFile; fileRef = BD5AAAB3AD477ED5255DFCB2 /* UnlockState.swift */; };
		38CCE2E33444C93FEC865250 /* TrashViewModel.swift in Sources */ = {isa = PBXBuildFile; fileRef = 35EC18662AA58A3D3926B353 /* TrashViewModel.swift */; };
		39434647E6FFEB21591FDEBD /* CardEditorViewData.swift in Sources */ = {isa = PBXBuildFile; fileRef = 770F05D32460C83904C3AB87 /* CardEditorViewData.swift */; };
		3B7D4EC2120252102E237C36 /* TrashState.swift in Sources */ = {isa = PBXBuildFile; fileRef = DD188F2FE5D449DF4CF80024 /* TrashState.swift */; };
		407B2F4B53D88AEE90828876 /* OnboardingViewModel.swift in Sources */ = {isa = PBXBuildFile; fileRef = D1FA03B4BAD91F53B809D263 /* OnboardingViewModel.swift */; };
		42BCD51FD716B5102BBD462D /* RecoverySettingsViewModelTests.swift in Sources */ = {isa = PBXBuildFile; fileRef = DD99288E9CCE93BC5935147B /* RecoverySettingsViewModelTests.swift */; };
		44549CE93CE78094547781F6 /* UnlockView.swift in Sources */ = {isa = PBXBuildFile; fileRef = 5F603AA8BF6765AB85D3C3E9 /* UnlockView.swift */; };
		4DFB2932AC8B2A98B9D7ADA7 /* SecureNoteEditorViewData.swift in Sources */ = {isa = PBXBuildFile; fileRef = 0638345150C7F33E48863B49 /* SecureNoteEditorViewData.swift */; };
		506263ADD8FDE696FB3A93F1 /* UpdateIdentityUseCase.swift in Sources */ = {isa = PBXBuildFile; fileRef = 48A98014C229665D8B0F440E /* UpdateIdentityUseCase.swift */; };
		55A3C8CC97B4F6D950F659AA /* CardEditorState.swift in Sources */ = {isa = PBXBuildFile; fileRef = 6D26217215610B351EBC56DC /* CardEditorState.swift */; };
		5C07F24536B986BC6640C062 /* IdentityValidator.swift in Sources */ = {isa = PBXBuildFile; fileRef = D8D74FFD1FD202B2F5469348 /* IdentityValidator.swift */; };
		5C51B3AEDCE4ED9A9E620D0E /* ErrorMapper.swift in Sources */ = {isa = PBXBuildFile; fileRef = 3E46080ED431F531DD04FFD7 /* ErrorMapper.swift */; };
		5CAFB8FEF53946986DFD055F /* DocumentAggregate.swift in Sources */ = {isa = PBXBuildFile; fileRef = 94D4CE91598BA1F1B2D58551 /* DocumentAggregate.swift */; };
		5CB3D841395AB9DDB4EFC7FE /* RecoveryImportView.swift in Sources */ = {isa = PBXBuildFile; fileRef = F54AF12A297E5DB33501270B /* RecoveryImportView.swift */; };
		5D7E61CD0614383566D2BBF7 /* FeatureServiceFactory.swift in Sources */ = {isa = PBXBuildFile; fileRef = 36EAE3B417CF3FE8CBDC4E77 /* FeatureServiceFactory.swift */; };
		64C9237E5868508CA08DC6E9 /* TrashViewModelTests.swift in Sources */ = {isa = PBXBuildFile; fileRef = D23EBA157E08920B75A34C21 /* TrashViewModelTests.swift */; };
		650BE3C24F5D8B4396F1A7D3 /* CreateVaultUseCase.swift in Sources */ = {isa = PBXBuildFile; fileRef = 0ED71E28EE306B9EB7D434E9 /* CreateVaultUseCase.swift */; };
		669F0BB2A61E63B4D153FE5B /* LoadThumbnailUseCase.swift in Sources */ = {isa = PBXBuildFile; fileRef = 6D743D373C171B3DEE12E521 /* LoadThumbnailUseCase.swift */; };
		6F2927540744073A65FF51E7 /* DocumentImportState.swift in Sources */ = {isa = PBXBuildFile; fileRef = 6AFA1F23DC67F870B1C2DA41 /* DocumentImportState.swift */; };
		70562FD245B3C1B83D1C83E3 /* RootViewModel.swift in Sources */ = {isa = PBXBuildFile; fileRef = 1590654C4A812EDEA86F9610 /* RootViewModel.swift */; };
		7105BF963DBC6186853266C5 /* SecureNoteValidator.swift in Sources */ = {isa = PBXBuildFile; fileRef = DFE9BFC1AD57569E7FF20CA0 /* SecureNoteValidator.swift */; };
		73C6061EC11D6D5FE86F08F0 /* ObjectDetailViewModelTests.swift in Sources */ = {isa = PBXBuildFile; fileRef = FBE77CDC611B90E83C5AABBA /* ObjectDetailViewModelTests.swift */; };
		747FF3235159B1D33261417D /* TrashUseCases.swift in Sources */ = {isa = PBXBuildFile; fileRef = 7D89FB220B70C1B727A16D45 /* TrashUseCases.swift */; };
		76388934D92F84BD8404C246 /* SecurityCenterViewModel.swift in Sources */ = {isa = PBXBuildFile; fileRef = 342E6CC35C389452E48C6525 /* SecurityCenterViewModel.swift */; };
		786392F210E541533F566786 /* SecureNoteEditorView.swift in Sources */ = {isa = PBXBuildFile; fileRef = 38A24412BA2DD29E078018AC /* SecureNoteEditorView.swift */; };
		7BAD4E33BFFEB3D693A15E3F /* SecureNoteEditorViewModel.swift in Sources */ = {isa = PBXBuildFile; fileRef = 72F8DB53EC7CB0AF051609E7 /* SecureNoteEditorViewModel.swift */; };
		7C4EEBA5900C2BD165DADE47 /* AppRoute.swift in Sources */ = {isa = PBXBuildFile; fileRef = DEC24A94AE257EB1D5DD5402 /* AppRoute.swift */; };
		8005C562B8F3E893BAB3EEEC /* AegisVaultApp.swift in Sources */ = {isa = PBXBuildFile; fileRef = EB404F2E61ECFC24527E74AD /* AegisVaultApp.swift */; };
		81F8F62D0421BBF49DE900D1 /* DocumentImportViewModel.swift in Sources */ = {isa = PBXBuildFile; fileRef = 23F9852DC147527B5467947F /* DocumentImportViewModel.swift */; };
		823C64B189A758D757872DA8 /* MoveObjectToTrashUseCase.swift in Sources */ = {isa = PBXBuildFile; fileRef = 00C398225FE777858FBF3844 /* MoveObjectToTrashUseCase.swift */; };
		8464693B8E681552DF91461A /* CreateCardUseCase.swift in Sources */ = {isa = PBXBuildFile; fileRef = CF92BAFB9FEF2456B6AA883C /* CreateCardUseCase.swift */; };
		8683965AF6FCF92002F71289 /* TrashPolicy.swift in Sources */ = {isa = PBXBuildFile; fileRef = AFBAD2B53DDE70D1B538C542 /* TrashPolicy.swift */; };
		8A9E4C559E5428F3F1F685FB /* AppDependencyFactory.swift in Sources */ = {isa = PBXBuildFile; fileRef = 9EE4AF3B98582C32A03406B1 /* AppDependencyFactory.swift */; };
		8C577A02B9FC6699F7E69A24 /* IdentityAggregate.swift in Sources */ = {isa = PBXBuildFile; fileRef = D2D938304C146587D5240BF9 /* IdentityAggregate.swift */; };
		8DEB04174BB271039B164FC8 /* CardApplicationService.swift in Sources */ = {isa = PBXBuildFile; fileRef = 9A267DF723E9AC38A5599F4D /* CardApplicationService.swift */; };
		9054A6B6785DB6DB67B858C2 /* CardAggregate.swift in Sources */ = {isa = PBXBuildFile; fileRef = 4B03B8FC520C9A2C34E165E8 /* CardAggregate.swift */; };
		90C21205952AB6ABE27C520F /* ObjectDetailView.swift in Sources */ = {isa = PBXBuildFile; fileRef = 5BC60E9F221D49E90705E91E /* ObjectDetailView.swift */; };
		92882DDFE9C6FABB43AD7635 /* SettingsState.swift in Sources */ = {isa = PBXBuildFile; fileRef = 99A95BBC8E8E2B55F3259AFD /* SettingsState.swift */; };
		940A8CC08E262B94549F7291 /* ObjectDetailState.swift in Sources */ = {isa = PBXBuildFile; fileRef = 7098F95660F1FDADBF2776F6 /* ObjectDetailState.swift */; };
		965E15AC2B70324DC43033DC /* ResolveAppRouteUseCase.swift in Sources */ = {isa = PBXBuildFile; fileRef = C9B1793F462F399FC4642B00 /* ResolveAppRouteUseCase.swift */; };
		97CC2241450844A5FD0C65F3 /* AppStateMachine.swift in Sources */ = {isa = PBXBuildFile; fileRef = A6A443E4E4AED053F843B3F1 /* AppStateMachine.swift */; };
		981D09236F5A2AEC363F7C9D /* ObjectDetailViewModel.swift in Sources */ = {isa = PBXBuildFile; fileRef = 354C05BBD9A957A6D0F2395B /* ObjectDetailViewModel.swift */; };
		98BCC5F9B650F87D9A8260F2 /* AppState.swift in Sources */ = {isa = PBXBuildFile; fileRef = 08CFDDBF0F9227A04CF7C8E8 /* AppState.swift */; };
		9A88002C294E5EEE91F4C97B /* IdentityEditorState.swift in Sources */ = {isa = PBXBuildFile; fileRef = 75849835886DFA0FA5E241F0 /* IdentityEditorState.swift */; };
		9A9BB107C6392147A39ACD36 /* RetentionPolicy.swift in Sources */ = {isa = PBXBuildFile; fileRef = C9060FE875294AFFDD4CF575 /* RetentionPolicy.swift */; };
		9BD6C3B7CC7C2A359682C2CF /* DomainAggregateTests.swift in Sources */ = {isa = PBXBuildFile; fileRef = 9A403FA6AACDEE0CA3FC0874 /* DomainAggregateTests.swift */; };
		A357DD5317C208DDD3398AD7 /* DocumentImportViewModelTests.swift in Sources */ = {isa = PBXBuildFile; fileRef = 9B888A701DBBA4E8C88B93A7 /* DocumentImportViewModelTests.swift */; };
		A9279581A7A462B4D84F08E2 /* DefaultErrorMapper.swift in Sources */ = {isa = PBXBuildFile; fileRef = 7A4AC6F59F180CFFF4680BCF /* DefaultErrorMapper.swift */; };
		AC089F6F46E959CF3506A581 /* UnlockVaultUseCase.swift in Sources */ = {isa = PBXBuildFile; fileRef = 13FF25F41CF3B5C9C52676C2 /* UnlockVaultUseCase.swift */; };
		AE921A11DDC8ACBEEF0B42D8 /* SecurityCenterState.swift in Sources */ = {isa = PBXBuildFile; fileRef = 63FA5C818A4668406948755F /* SecurityCenterState.swift */; };
		AF25C0C3696D7E378F202EDE /* SecureNoteApplicationService.swift in Sources */ = {isa = PBXBuildFile; fileRef = C097E3ED8BD6B4389CCA4807 /* SecureNoteApplicationService.swift */; };
		AF77D505AA0CB57FE7392CF1 /* DuplicateDetectionPolicy.swift in Sources */ = {isa = PBXBuildFile; fileRef = 4B989D6D6C3C0CD4C8CB9389 /* DuplicateDetectionPolicy.swift */; };
		B11828B6E1DA6143F5F47562 /* UpdateCardUseCase.swift in Sources */ = {isa = PBXBuildFile; fileRef = 17BF72ECCFA1FA1FD0CA1FBE /* UpdateCardUseCase.swift */; };
		B163A2A0104335B7D7D8BD2C /* RecoverySettingsViewModel.swift in Sources */ = {isa = PBXBuildFile; fileRef = 5CF042ECEE526A67E3DC565F /* RecoverySettingsViewModel.swift */; };
		B2B490FB3B97174EBBA5A7EE /* TrashView.swift in Sources */ = {isa = PBXBuildFile; fileRef = A37668F3C4C55887B8081F7E /* TrashView.swift */; };
		B2D7EAB5AFD0F04A8D916E59 /* AppError.swift in Sources */ = {isa = PBXBuildFile; fileRef = 7ACEF08CF5070235641D7C8D /* AppError.swift */; };
		B814C6D944603DA1CB9DB3E5 /* SecurityCenterView.swift in Sources */ = {isa = PBXBuildFile; fileRef = C37DCA1CD4CE99BA565FA86A /* SecurityCenterView.swift */; };
		B81B0B45006B930D5156BCED /* IdentityApplicationService.swift in Sources */ = {isa = PBXBuildFile; fileRef = E5424F025B6AA75D4AB9AEC9 /* IdentityApplicationService.swift */; };
		B97E9368013B59A31E860AD0 /* UserMessage.swift in Sources */ = {isa = PBXBuildFile; fileRef = A1E9C211F9040A25DD2CD990 /* UserMessage.swift */; };
		BD68CC48D2BDD3E1B7DC276F /* LockVaultUseCase.swift in Sources */ = {isa = PBXBuildFile; fileRef = CA72DE92FDCF05DEC2021A0D /* LockVaultUseCase.swift */; };
		C012FE00A83D5C129F64708B /* ImportDocumentUseCase.swift in Sources */ = {isa = PBXBuildFile; fileRef = 3D4C7130CAA1187DF28CAAC4 /* ImportDocumentUseCase.swift */; };
		C0F0C8E2BB2A1C3D78F88BA4 /* DomainValidator.swift in Sources */ = {isa = PBXBuildFile; fileRef = D7F45185D6210C61296D9468 /* DomainValidator.swift */; };
		C6561D3573492AF06672D546 /* SecurityUseCases.swift in Sources */ = {isa = PBXBuildFile; fileRef = 7C0B7B4BBB9F5B7145E8FECD /* SecurityUseCases.swift */; };
		C66439B6E05752375E3E1827 /* SecureVaultKit in Frameworks */ = {isa = PBXBuildFile; productRef = EAC076680CA3AC4D82949433 /* SecureVaultKit */; };
		C67D61EE22D4A167DFC5C9A1 /* SecureNoteEditorState.swift in Sources */ = {isa = PBXBuildFile; fileRef = BA65370606088677722D2509 /* SecureNoteEditorState.swift */; };
		CA9B6CE8059A157B61C7C30C /* ImportRecoveryPackageUseCase.swift in Sources */ = {isa = PBXBuildFile; fileRef = CD513C90897B863FF2D38DD3 /* ImportRecoveryPackageUseCase.swift */; };
		CB08316FD1A7DA88382DA03E /* IdentityEditorView.swift in Sources */ = {isa = PBXBuildFile; fileRef = E1FA01C7CD629CB4CF64D607 /* IdentityEditorView.swift */; };
		CF45759F9449D54A86E7C352 /* CreateSecureNoteUseCase.swift in Sources */ = {isa = PBXBuildFile; fileRef = 8F0A22A139361150EA9CECB5 /* CreateSecureNoteUseCase.swift */; };
		CF66096797DF8CDD7111D9B7 /* VaultHomeView.swift in Sources */ = {isa = PBXBuildFile; fileRef = 53157362ED3E07395222A20D /* VaultHomeView.swift */; };
		D41D74F07FF5A5F24DFDEF61 /* ViewModelFactory.swift in Sources */ = {isa = PBXBuildFile; fileRef = 8EE0BB920499639246128270 /* ViewModelFactory.swift */; };
		D6F3458F9515480D13558224 /* SecureNoteEditorViewModelTests.swift in Sources */ = {isa = PBXBuildFile; fileRef = E650905B403FB73BECBDD6A3 /* SecureNoteEditorViewModelTests.swift */; };
		D842FBC0047A07360AD4A9E2 /* SettingsViewModel.swift in Sources */ = {isa = PBXBuildFile; fileRef = AF387A966E504FABD0A1BB7B /* SettingsViewModel.swift */; };
		D8A25B9C6A729EABF0FA8300 /* CardEditorView.swift in Sources */ = {isa = PBXBuildFile; fileRef = 470CC588C4C7E3E7CE301135 /* CardEditorView.swift */; };
		E0840017DB6932A676B1E0E2 /* AppNavigationStateMachineTests.swift in Sources */ = {isa = PBXBuildFile; fileRef = 53ADCB2108F50DF0A4E13095 /* AppNavigationStateMachineTests.swift */; };
		E22A93D530816D3CEA156138 /* GetObjectDetailUseCase.swift in Sources */ = {isa = PBXBuildFile; fileRef = DCE6381BD4C72E62FB1DC4CF /* GetObjectDetailUseCase.swift */; };
		E75F547DE67ACD59AA461816 /* AppContainerPersistenceTests.swift in Sources */ = {isa = PBXBuildFile; fileRef = EFB0E1606333EF82FD6DA269 /* AppContainerPersistenceTests.swift */; };
		E8F66B935518E1994CCF7E60 /* CreateIdentityUseCase.swift in Sources */ = {isa = PBXBuildFile; fileRef = 6A8B3EC4F47392ECA0FCC86E /* CreateIdentityUseCase.swift */; };
		EBD35BC325B1124CF3FCB36C /* VaultHomeState.swift in Sources */ = {isa = PBXBuildFile; fileRef = AA7553EF84557F938646E933 /* VaultHomeState.swift */; };
		EC108807C496522368764BC5 /* DocumentImportView.swift in Sources */ = {isa = PBXBuildFile; fileRef = C47E8DF138B4FBE03E0FA2DB /* DocumentImportView.swift */; };
		ECAACA78E28498AB34FAF42B /* AppNavigationCommand.swift in Sources */ = {isa = PBXBuildFile; fileRef = EF907B648CF949047401C159 /* AppNavigationCommand.swift */; };
		F141AF1910032F6C3A20E9CB /* AppEnvironment.swift in Sources */ = {isa = PBXBuildFile; fileRef = 68AA10307B476F7DF589FAD3 /* AppEnvironment.swift */; };
		F186E85FE907D7C410A23635 /* CardEditorViewModel.swift in Sources */ = {isa = PBXBuildFile; fileRef = 845B0826579AD21F2F415DCD /* CardEditorViewModel.swift */; };
		F25D4BDE4F9CAE7A9C223062 /* ViewModelTests.swift in Sources */ = {isa = PBXBuildFile; fileRef = 02F71BE306B8420617F81B7D /* ViewModelTests.swift */; };
		F756E2A2AB425D37C0CD7DF3 /* TrashApplicationService.swift in Sources */ = {isa = PBXBuildFile; fileRef = 22BFD1684100A4CF87DC8756 /* TrashApplicationService.swift */; };
		FADDAD428250BB75606AB9CF /* OnboardingState.swift in Sources */ = {isa = PBXBuildFile; fileRef = FDDC5EEFEEE2B4C87933F629 /* OnboardingState.swift */; };
		FCD96A0BBAD0023F11194866 /* RecoverySettingsView.swift in Sources */ = {isa = PBXBuildFile; fileRef = 488C9E187D0B3EE9BC2BB5D7 /* RecoverySettingsView.swift */; };
		FD799FF4C05BC178EE6C1E00 /* DocumentApplicationService.swift in Sources */ = {isa = PBXBuildFile; fileRef = 42872D59B51BA177F8904DCE /* DocumentApplicationService.swift */; };
		FD85D11BDA854C0FE41FB9BA /* ApplicationServiceTests.swift in Sources */ = {isa = PBXBuildFile; fileRef = EE5B41B6419A2B8626091C6D /* ApplicationServiceTests.swift */; };
		FF6A7121AB3B5A293FD3B9C9 /* AppContainer.swift in Sources */ = {isa = PBXBuildFile; fileRef = 94278D1219689D74CDFA9AEC /* AppContainer.swift */; };
/* End PBXBuildFile section */

/* Begin PBXContainerItemProxy section */
		B4ED1CF5BB839289DD8BAF6E /* PBXContainerItemProxy */ = {
			isa = PBXContainerItemProxy;
			containerPortal = 1027D51C232821083A959308 /* Project object */;
			proxyType = 1;
			remoteGlobalIDString = 7A66638CD3D6821D2A3906C4;
			remoteInfo = AegisVault;
		};
/* End PBXContainerItemProxy section */

/* Begin PBXFileReference section */
		00C398225FE777858FBF3844 /* MoveObjectToTrashUseCase.swift */ = {isa = PBXFileReference; lastKnownFileType = sourcecode.swift; path = MoveObjectToTrashUseCase.swift; sourceTree = "<group>"; };
		01E28EEFB79788550086355C /* VaultObjectAggregate.swift */ = {isa = PBXFileReference; lastKnownFileType = sourcecode.swift; path = VaultObjectAggregate.swift; sourceTree = "<group>"; };
		02F71BE306B8420617F81B7D /* ViewModelTests.swift */ = {isa = PBXFileReference; lastKnownFileType = sourcecode.swift; path = ViewModelTests.swift; sourceTree = "<group>"; };
		03267E545D6AA1EE933B551F /* SecureNoteAggregate.swift */ = {isa = PBXFileReference; lastKnownFileType = sourcecode.swift; path = SecureNoteAggregate.swift; sourceTree = "<group>"; };
		0638345150C7F33E48863B49 /* SecureNoteEditorViewData.swift */ = {isa = PBXFileReference; lastKnownFileType = sourcecode.swift; path = SecureNoteEditorViewData.swift; sourceTree = "<group>"; };
		08CFDDBF0F9227A04CF7C8E8 /* AppState.swift */ = {isa = PBXFileReference; lastKnownFileType = sourcecode.swift; path = AppState.swift; sourceTree = "<group>"; };
		0ED71E28EE306B9EB7D434E9 /* CreateVaultUseCase.swift */ = {isa = PBXFileReference; lastKnownFileType = sourcecode.swift; path = CreateVaultUseCase.swift; sourceTree = "<group>"; };
		13FF25F41CF3B5C9C52676C2 /* UnlockVaultUseCase.swift */ = {isa = PBXFileReference; lastKnownFileType = sourcecode.swift; path = UnlockVaultUseCase.swift; sourceTree = "<group>"; };
		1590654C4A812EDEA86F9610 /* RootViewModel.swift */ = {isa = PBXFileReference; lastKnownFileType = sourcecode.swift; path = RootViewModel.swift; sourceTree = "<group>"; };
		17BF72ECCFA1FA1FD0CA1FBE /* UpdateCardUseCase.swift */ = {isa = PBXFileReference; lastKnownFileType = sourcecode.swift; path = UpdateCardUseCase.swift; sourceTree = "<group>"; };
		188A2DB91CA659B7EC266D3F /* UnlockViewModel.swift */ = {isa = PBXFileReference; lastKnownFileType = sourcecode.swift; path = UnlockViewModel.swift; sourceTree = "<group>"; };
		22BFD1684100A4CF87DC8756 /* TrashApplicationService.swift */ = {isa = PBXFileReference; lastKnownFileType = sourcecode.swift; path = TrashApplicationService.swift; sourceTree = "<group>"; };
		23F9852DC147527B5467947F /* DocumentImportViewModel.swift */ = {isa = PBXFileReference; lastKnownFileType = sourcecode.swift; path = DocumentImportViewModel.swift; sourceTree = "<group>"; };
		24B84E58C35F2DAF8BD2649F /* OnboardingView.swift */ = {isa = PBXFileReference; lastKnownFileType = sourcecode.swift; path = OnboardingView.swift; sourceTree = "<group>"; };
		2D47EAB9176A5D7059EE67FD /* .gitkeep */ = {isa = PBXFileReference; path = .gitkeep; sourceTree = "<group>"; };
		306954ECB2EE21048A4EAE1C /* SettingsSecurityViewModelTests.swift */ = {isa = PBXFileReference; lastKnownFileType = sourcecode.swift; path = SettingsSecurityViewModelTests.swift; sourceTree = "<group>"; };
		342E6CC35C389452E48C6525 /* SecurityCenterViewModel.swift */ = {isa = PBXFileReference; lastKnownFileType = sourcecode.swift; path = SecurityCenterViewModel.swift; sourceTree = "<group>"; };
		354C05BBD9A957A6D0F2395B /* ObjectDetailViewModel.swift */ = {isa = PBXFileReference; lastKnownFileType = sourcecode.swift; path = ObjectDetailViewModel.swift; sourceTree = "<group>"; };
		35EC18662AA58A3D3926B353 /* TrashViewModel.swift */ = {isa = PBXFileReference; lastKnownFileType = sourcecode.swift; path = TrashViewModel.swift; sourceTree = "<group>"; };
		36EAE3B417CF3FE8CBDC4E77 /* FeatureServiceFactory.swift */ = {isa = PBXFileReference; lastKnownFileType = sourcecode.swift; path = FeatureServiceFactory.swift; sourceTree = "<group>"; };
		38A24412BA2DD29E078018AC /* SecureNoteEditorView.swift */ = {isa = PBXFileReference; lastKnownFileType = sourcecode.swift; path = SecureNoteEditorView.swift; sourceTree = "<group>"; };
		3949738A79411F85B7CDA016 /* ThumbnailViewState.swift */ = {isa = PBXFileReference; lastKnownFileType = sourcecode.swift; path = ThumbnailViewState.swift; sourceTree = "<group>"; };
		3D4C7130CAA1187DF28CAAC4 /* ImportDocumentUseCase.swift */ = {isa = PBXFileReference; lastKnownFileType = sourcecode.swift; path = ImportDocumentUseCase.swift; sourceTree = "<group>"; };
		3E46080ED431F531DD04FFD7 /* ErrorMapper.swift */ = {isa = PBXFileReference; lastKnownFileType = sourcecode.swift; path = ErrorMapper.swift; sourceTree = "<group>"; };
		42872D59B51BA177F8904DCE /* DocumentApplicationService.swift */ = {isa = PBXFileReference; lastKnownFileType = sourcecode.swift; path = DocumentApplicationService.swift; sourceTree = "<group>"; };
		45D3DBEE669563CB1C111616 /* IdentityEditorViewModel.swift */ = {isa = PBXFileReference; lastKnownFileType = sourcecode.swift; path = IdentityEditorViewModel.swift; sourceTree = "<group>"; };
		470CC588C4C7E3E7CE301135 /* CardEditorView.swift */ = {isa = PBXFileReference; lastKnownFileType = sourcecode.swift; path = CardEditorView.swift; sourceTree = "<group>"; };
		488C9E187D0B3EE9BC2BB5D7 /* RecoverySettingsView.swift */ = {isa = PBXFileReference; lastKnownFileType = sourcecode.swift; path = RecoverySettingsView.swift; sourceTree = "<group>"; };
		48A98014C229665D8B0F440E /* UpdateIdentityUseCase.swift */ = {isa = PBXFileReference; lastKnownFileType = sourcecode.swift; path = UpdateIdentityUseCase.swift; sourceTree = "<group>"; };
		4B03B8FC520C9A2C34E165E8 /* CardAggregate.swift */ = {isa = PBXFileReference; lastKnownFileType = sourcecode.swift; path = CardAggregate.swift; sourceTree = "<group>"; };
		4B989D6D6C3C0CD4C8CB9389 /* DuplicateDetectionPolicy.swift */ = {isa = PBXFileReference; lastKnownFileType = sourcecode.swift; path = DuplicateDetectionPolicy.swift; sourceTree = "<group>"; };
		51230AD038FAFDCCD5A4DC49 /* SettingsView.swift */ = {isa = PBXFileReference; lastKnownFileType = sourcecode.swift; path = SettingsView.swift; sourceTree = "<group>"; };
		53157362ED3E07395222A20D /* VaultHomeView.swift */ = {isa = PBXFileReference; lastKnownFileType = sourcecode.swift; path = VaultHomeView.swift; sourceTree = "<group>"; };
		53ADCB2108F50DF0A4E13095 /* AppNavigationStateMachineTests.swift */ = {isa = PBXFileReference; lastKnownFileType = sourcecode.swift; path = AppNavigationStateMachineTests.swift; sourceTree = "<group>"; };
		5BC60E9F221D49E90705E91E /* ObjectDetailView.swift */ = {isa = PBXFileReference; lastKnownFileType = sourcecode.swift; path = ObjectDetailView.swift; sourceTree = "<group>"; };
		5CF042ECEE526A67E3DC565F /* RecoverySettingsViewModel.swift */ = {isa = PBXFileReference; lastKnownFileType = sourcecode.swift; path = RecoverySettingsViewModel.swift; sourceTree = "<group>"; };
		5F603AA8BF6765AB85D3C3E9 /* UnlockView.swift */ = {isa = PBXFileReference; lastKnownFileType = sourcecode.swift; path = UnlockView.swift; sourceTree = "<group>"; };
		622D85A71ABEB385B9FE088B /* RecoverySettingsState.swift */ = {isa = PBXFileReference; lastKnownFileType = sourcecode.swift; path = RecoverySettingsState.swift; sourceTree = "<group>"; };
		63FA5C818A4668406948755F /* SecurityCenterState.swift */ = {isa = PBXFileReference; lastKnownFileType = sourcecode.swift; path = SecurityCenterState.swift; sourceTree = "<group>"; };
		65B772AB259FF0495E31460A /* ThumbnailImageView.swift */ = {isa = PBXFileReference; lastKnownFileType = sourcecode.swift; path = ThumbnailImageView.swift; sourceTree = "<group>"; };
		68AA10307B476F7DF589FAD3 /* AppEnvironment.swift */ = {isa = PBXFileReference; lastKnownFileType = sourcecode.swift; path = AppEnvironment.swift; sourceTree = "<group>"; };
		6A8B3EC4F47392ECA0FCC86E /* CreateIdentityUseCase.swift */ = {isa = PBXFileReference; lastKnownFileType = sourcecode.swift; path = CreateIdentityUseCase.swift; sourceTree = "<group>"; };
		6AFA1F23DC67F870B1C2DA41 /* DocumentImportState.swift */ = {isa = PBXFileReference; lastKnownFileType = sourcecode.swift; path = DocumentImportState.swift; sourceTree = "<group>"; };
		6D26217215610B351EBC56DC /* CardEditorState.swift */ = {isa = PBXFileReference; lastKnownFileType = sourcecode.swift; path = CardEditorState.swift; sourceTree = "<group>"; };
		6D743D373C171B3DEE12E521 /* LoadThumbnailUseCase.swift */ = {isa = PBXFileReference; lastKnownFileType = sourcecode.swift; path = LoadThumbnailUseCase.swift; sourceTree = "<group>"; };
		6F40D2B6B6FA4133FEDB4D40 /* ErrorMapperTests.swift */ = {isa = PBXFileReference; lastKnownFileType = sourcecode.swift; path = ErrorMapperTests.swift; sourceTree = "<group>"; };
		7098F95660F1FDADBF2776F6 /* ObjectDetailState.swift */ = {isa = PBXFileReference; lastKnownFileType = sourcecode.swift; path = ObjectDetailState.swift; sourceTree = "<group>"; };
		71C24F2B9B178E4E851D7108 /* RootView.swift */ = {isa = PBXFileReference; lastKnownFileType = sourcecode.swift; path = RootView.swift; sourceTree = "<group>"; };
		72F8DB53EC7CB0AF051609E7 /* SecureNoteEditorViewModel.swift */ = {isa = PBXFileReference; lastKnownFileType = sourcecode.swift; path = SecureNoteEditorViewModel.swift; sourceTree = "<group>"; };
		75849835886DFA0FA5E241F0 /* IdentityEditorState.swift */ = {isa = PBXFileReference; lastKnownFileType = sourcecode.swift; path = IdentityEditorState.swift; sourceTree = "<group>"; };
		770F05D32460C83904C3AB87 /* CardEditorViewData.swift */ = {isa = PBXFileReference; lastKnownFileType = sourcecode.swift; path = CardEditorViewData.swift; sourceTree = "<group>"; };
		7926DEEAAAD25C02C909FF25 /* IdentityEditorViewModelTests.swift */ = {isa = PBXFileReference; lastKnownFileType = sourcecode.swift; path = IdentityEditorViewModelTests.swift; sourceTree = "<group>"; };
		7A4AC6F59F180CFFF4680BCF /* DefaultErrorMapper.swift */ = {isa = PBXFileReference; lastKnownFileType = sourcecode.swift; path = DefaultErrorMapper.swift; sourceTree = "<group>"; };
		7ACEF08CF5070235641D7C8D /* AppError.swift */ = {isa = PBXFileReference; lastKnownFileType = sourcecode.swift; path = AppError.swift; sourceTree = "<group>"; };
		7C063F150F18F660F878C508 /* AppNavigationCoordinator.swift */ = {isa = PBXFileReference; lastKnownFileType = sourcecode.swift; path = AppNavigationCoordinator.swift; sourceTree = "<group>"; };
		7C0B7B4BBB9F5B7145E8FECD /* SecurityUseCases.swift */ = {isa = PBXFileReference; lastKnownFileType = sourcecode.swift; path = SecurityUseCases.swift; sourceTree = "<group>"; };
		7D89FB220B70C1B727A16D45 /* TrashUseCases.swift */ = {isa = PBXFileReference; lastKnownFileType = sourcecode.swift; path = TrashUseCases.swift; sourceTree = "<group>"; };
		81097079FE6EF516A3E309A4 /* .gitkeep */ = {isa = PBXFileReference; path = .gitkeep; sourceTree = "<group>"; };
		842CEF338E4416B28FE587E2 /* CardEditorViewModelTests.swift */ = {isa = PBXFileReference; lastKnownFileType = sourcecode.swift; path = CardEditorViewModelTests.swift; sourceTree = "<group>"; };
		843AB3C587E3DC2795842040 /* UpdateSecureNoteUseCase.swift */ = {isa = PBXFileReference; lastKnownFileType = sourcecode.swift; path = UpdateSecureNoteUseCase.swift; sourceTree = "<group>"; };
		845B0826579AD21F2F415DCD /* CardEditorViewModel.swift */ = {isa = PBXFileReference; lastKnownFileType = sourcecode.swift; path = CardEditorViewModel.swift; sourceTree = "<group>"; };
		89E182B6556F6FD11D77BCA9 /* SearchVaultUseCase.swift */ = {isa = PBXFileReference; lastKnownFileType = sourcecode.swift; path = SearchVaultUseCase.swift; sourceTree = "<group>"; };
		8D4C535065C978E138F2879D /* AegisVault.app */ = {isa = PBXFileReference; includeInIndex = 0; lastKnownFileType = wrapper.application; path = AegisVault.app; sourceTree = BUILT_PRODUCTS_DIR; };
		8EE0BB920499639246128270 /* ViewModelFactory.swift */ = {isa = PBXFileReference; lastKnownFileType = sourcecode.swift; path = ViewModelFactory.swift; sourceTree = "<group>"; };
		8F0A22A139361150EA9CECB5 /* CreateSecureNoteUseCase.swift */ = {isa = PBXFileReference; lastKnownFileType = sourcecode.swift; path = CreateSecureNoteUseCase.swift; sourceTree = "<group>"; };
		8FADABB948F92B76A29148AE /* VaultHomeViewModel.swift */ = {isa = PBXFileReference; lastKnownFileType = sourcecode.swift; path = VaultHomeViewModel.swift; sourceTree = "<group>"; };
		94278D1219689D74CDFA9AEC /* AppContainer.swift */ = {isa = PBXFileReference; lastKnownFileType = sourcecode.swift; path = AppContainer.swift; sourceTree = "<group>"; };
		94D4CE91598BA1F1B2D58551 /* DocumentAggregate.swift */ = {isa = PBXFileReference; lastKnownFileType = sourcecode.swift; path = DocumentAggregate.swift; sourceTree = "<group>"; };
		96C5712F96038CB859E763A8 /* CardValidator.swift */ = {isa = PBXFileReference; lastKnownFileType = sourcecode.swift; path = CardValidator.swift; sourceTree = "<group>"; };
		9864C5682806B2D8A1C4EC83 /* AegisVaultTests.xctest */ = {isa = PBXFileReference; includeInIndex = 0; lastKnownFileType = wrapper.cfbundle; path = AegisVaultTests.xctest; sourceTree = BUILT_PRODUCTS_DIR; };
		99A95BBC8E8E2B55F3259AFD /* SettingsState.swift */ = {isa = PBXFileReference; lastKnownFileType = sourcecode.swift; path = SettingsState.swift; sourceTree = "<group>"; };
		9A267DF723E9AC38A5599F4D /* CardApplicationService.swift */ = {isa = PBXFileReference; lastKnownFileType = sourcecode.swift; path = CardApplicationService.swift; sourceTree = "<group>"; };
		9A403FA6AACDEE0CA3FC0874 /* DomainAggregateTests.swift */ = {isa = PBXFileReference; lastKnownFileType = sourcecode.swift; path = DomainAggregateTests.swift; sourceTree = "<group>"; };
		9B888A701DBBA4E8C88B93A7 /* DocumentImportViewModelTests.swift */ = {isa = PBXFileReference; lastKnownFileType = sourcecode.swift; path = DocumentImportViewModelTests.swift; sourceTree = "<group>"; };
		9EE4AF3B98582C32A03406B1 /* AppDependencyFactory.swift */ = {isa = PBXFileReference; lastKnownFileType = sourcecode.swift; path = AppDependencyFactory.swift; sourceTree = "<group>"; };
		A1E9C211F9040A25DD2CD990 /* UserMessage.swift */ = {isa = PBXFileReference; lastKnownFileType = sourcecode.swift; path = UserMessage.swift; sourceTree = "<group>"; };
		A37668F3C4C55887B8081F7E /* TrashView.swift */ = {isa = PBXFileReference; lastKnownFileType = sourcecode.swift; path = TrashView.swift; sourceTree = "<group>"; };
		A6A443E4E4AED053F843B3F1 /* AppStateMachine.swift */ = {isa = PBXFileReference; lastKnownFileType = sourcecode.swift; path = AppStateMachine.swift; sourceTree = "<group>"; };
		A9F3A6835AA1D7D9CF5E4DD4 /* .gitkeep */ = {isa = PBXFileReference; path = .gitkeep; sourceTree = "<group>"; };
		AA7553EF84557F938646E933 /* VaultHomeState.swift */ = {isa = PBXFileReference; lastKnownFileType = sourcecode.swift; path = VaultHomeState.swift; sourceTree = "<group>"; };
		AF387A966E504FABD0A1BB7B /* SettingsViewModel.swift */ = {isa = PBXFileReference; lastKnownFileType = sourcecode.swift; path = SettingsViewModel.swift; sourceTree = "<group>"; };
		AFBAD2B53DDE70D1B538C542 /* TrashPolicy.swift */ = {isa = PBXFileReference; lastKnownFileType = sourcecode.swift; path = TrashPolicy.swift; sourceTree = "<group>"; };
		BA65370606088677722D2509 /* SecureNoteEditorState.swift */ = {isa = PBXFileReference; lastKnownFileType = sourcecode.swift; path = SecureNoteEditorState.swift; sourceTree = "<group>"; };
		BD5AAAB3AD477ED5255DFCB2 /* UnlockState.swift */ = {isa = PBXFileReference; lastKnownFileType = sourcecode.swift; path = UnlockState.swift; sourceTree = "<group>"; };
		C01D365C6437E131DCAF0607 /* .gitkeep */ = {isa = PBXFileReference; path = .gitkeep; sourceTree = "<group>"; };
		C097E3ED8BD6B4389CCA4807 /* SecureNoteApplicationService.swift */ = {isa = PBXFileReference; lastKnownFileType = sourcecode.swift; path = SecureNoteApplicationService.swift; sourceTree = "<group>"; };
		C29CC8350B4A79E15E368329 /* .gitkeep */ = {isa = PBXFileReference; path = .gitkeep; sourceTree = "<group>"; };
		C2F6B5D670DC9E97B8209827 /* IdentityEditorViewData.swift */ = {isa = PBXFileReference; lastKnownFileType = sourcecode.swift; path = IdentityEditorViewData.swift; sourceTree = "<group>"; };
		C37DCA1CD4CE99BA565FA86A /* SecurityCenterView.swift */ = {isa = PBXFileReference; lastKnownFileType = sourcecode.swift; path = SecurityCenterView.swift; sourceTree = "<group>"; };
		C47E8DF138B4FBE03E0FA2DB /* DocumentImportView.swift */ = {isa = PBXFileReference; lastKnownFileType = sourcecode.swift; path = DocumentImportView.swift; sourceTree = "<group>"; };
		C9060FE875294AFFDD4CF575 /* RetentionPolicy.swift */ = {isa = PBXFileReference; lastKnownFileType = sourcecode.swift; path = RetentionPolicy.swift; sourceTree = "<group>"; };
		C9B1793F462F399FC4642B00 /* ResolveAppRouteUseCase.swift */ = {isa = PBXFileReference; lastKnownFileType = sourcecode.swift; path = ResolveAppRouteUseCase.swift; sourceTree = "<group>"; };
		CA72DE92FDCF05DEC2021A0D /* LockVaultUseCase.swift */ = {isa = PBXFileReference; lastKnownFileType = sourcecode.swift; path = LockVaultUseCase.swift; sourceTree = "<group>"; };
		CB2833A66149CA2D80D74886 /* SecureVaultKit */ = {isa = PBXFileReference; lastKnownFileType = folder; name = SecureVaultKit; path = ../../packages/SecureVaultKit; sourceTree = SOURCE_ROOT; };
		CC9A4B80195041303EA2882A /* ValidationError.swift */ = {isa = PBXFileReference; lastKnownFileType = sourcecode.swift; path = ValidationError.swift; sourceTree = "<group>"; };
		CCCAD800E40A30CA46525C2B /* DocumentValidator.swift */ = {isa = PBXFileReference; lastKnownFileType = sourcecode.swift; path = DocumentValidator.swift; sourceTree = "<group>"; };
		CD513C90897B863FF2D38DD3 /* ImportRecoveryPackageUseCase.swift */ = {isa = PBXFileReference; lastKnownFileType = sourcecode.swift; path = ImportRecoveryPackageUseCase.swift; sourceTree = "<group>"; };
		CF92BAFB9FEF2456B6AA883C /* CreateCardUseCase.swift */ = {isa = PBXFileReference; lastKnownFileType = sourcecode.swift; path = CreateCardUseCase.swift; sourceTree = "<group>"; };
		D0BF6DAC22261B0FA6548B3A /* UseCaseTests.swift */ = {isa = PBXFileReference; lastKnownFileType = sourcecode.swift; path = UseCaseTests.swift; sourceTree = "<group>"; };
		D1FA03B4BAD91F53B809D263 /* OnboardingViewModel.swift */ = {isa = PBXFileReference; lastKnownFileType = sourcecode.swift; path = OnboardingViewModel.swift; sourceTree = "<group>"; };
		D23EBA157E08920B75A34C21 /* TrashViewModelTests.swift */ = {isa = PBXFileReference; lastKnownFileType = sourcecode.swift; path = TrashViewModelTests.swift; sourceTree = "<group>"; };
		D2D938304C146587D5240BF9 /* IdentityAggregate.swift */ = {isa = PBXFileReference; lastKnownFileType = sourcecode.swift; path = IdentityAggregate.swift; sourceTree = "<group>"; };
		D7F45185D6210C61296D9468 /* DomainValidator.swift */ = {isa = PBXFileReference; lastKnownFileType = sourcecode.swift; path = DomainValidator.swift; sourceTree = "<group>"; };
		D869CBFC9D1316E1FAB36274 /* DocumentImportFileInfo.swift */ = {isa = PBXFileReference; lastKnownFileType = sourcecode.swift; path = DocumentImportFileInfo.swift; sourceTree = "<group>"; };
		D8D74FFD1FD202B2F5469348 /* IdentityValidator.swift */ = {isa = PBXFileReference; lastKnownFileType = sourcecode.swift; path = IdentityValidator.swift; sourceTree = "<group>"; };
		DCE6381BD4C72E62FB1DC4CF /* GetObjectDetailUseCase.swift */ = {isa = PBXFileReference; lastKnownFileType = sourcecode.swift; path = GetObjectDetailUseCase.swift; sourceTree = "<group>"; };
		DD188F2FE5D449DF4CF80024 /* TrashState.swift */ = {isa = PBXFileReference; lastKnownFileType = sourcecode.swift; path = TrashState.swift; sourceTree = "<group>"; };
		DD99288E9CCE93BC5935147B /* RecoverySettingsViewModelTests.swift */ = {isa = PBXFileReference; lastKnownFileType = sourcecode.swift; path = RecoverySettingsViewModelTests.swift; sourceTree = "<group>"; };
		DDA87A58DD31584380588D95 /* ListVaultObjectsUseCase.swift */ = {isa = PBXFileReference; lastKnownFileType = sourcecode.swift; path = ListVaultObjectsUseCase.swift; sourceTree = "<group>"; };
		DEC24A94AE257EB1D5DD5402 /* AppRoute.swift */ = {isa = PBXFileReference; lastKnownFileType = sourcecode.swift; path = AppRoute.swift; sourceTree = "<group>"; };
		DFE9BFC1AD57569E7FF20CA0 /* SecureNoteValidator.swift */ = {isa = PBXFileReference; lastKnownFileType = sourcecode.swift; path = SecureNoteValidator.swift; sourceTree = "<group>"; };
		E1FA01C7CD629CB4CF64D607 /* IdentityEditorView.swift */ = {isa = PBXFileReference; lastKnownFileType = sourcecode.swift; path = IdentityEditorView.swift; sourceTree = "<group>"; };
		E5424F025B6AA75D4AB9AEC9 /* IdentityApplicationService.swift */ = {isa = PBXFileReference; lastKnownFileType = sourcecode.swift; path = IdentityApplicationService.swift; sourceTree = "<group>"; };
		E650905B403FB73BECBDD6A3 /* SecureNoteEditorViewModelTests.swift */ = {isa = PBXFileReference; lastKnownFileType = sourcecode.swift; path = SecureNoteEditorViewModelTests.swift; sourceTree = "<group>"; };
		EB404F2E61ECFC24527E74AD /* AegisVaultApp.swift */ = {isa = PBXFileReference; lastKnownFileType = sourcecode.swift; path = AegisVaultApp.swift; sourceTree = "<group>"; };
		EBF951912AA258723FE13F81 /* .gitkeep */ = {isa = PBXFileReference; path = .gitkeep; sourceTree = "<group>"; };
		EE5B41B6419A2B8626091C6D /* ApplicationServiceTests.swift */ = {isa = PBXFileReference; lastKnownFileType = sourcecode.swift; path = ApplicationServiceTests.swift; sourceTree = "<group>"; };
		EF907B648CF949047401C159 /* AppNavigationCommand.swift */ = {isa = PBXFileReference; lastKnownFileType = sourcecode.swift; path = AppNavigationCommand.swift; sourceTree = "<group>"; };
		EFB0E1606333EF82FD6DA269 /* AppContainerPersistenceTests.swift */ = {isa = PBXFileReference; lastKnownFileType = sourcecode.swift; path = AppContainerPersistenceTests.swift; sourceTree = "<group>"; };
		F54AF12A297E5DB33501270B /* RecoveryImportView.swift */ = {isa = PBXFileReference; lastKnownFileType = sourcecode.swift; path = RecoveryImportView.swift; sourceTree = "<group>"; };
		F9DBAB7AC7B25F1B74956EA5 /* .gitkeep */ = {isa = PBXFileReference; path = .gitkeep; sourceTree = "<group>"; };
		FBE77CDC611B90E83C5AABBA /* ObjectDetailViewModelTests.swift */ = {isa = PBXFileReference; lastKnownFileType = sourcecode.swift; path = ObjectDetailViewModelTests.swift; sourceTree = "<group>"; };
		FDDC5EEFEEE2B4C87933F629 /* OnboardingState.swift */ = {isa = PBXFileReference; lastKnownFileType = sourcecode.swift; path = OnboardingState.swift; sourceTree = "<group>"; };
/* End PBXFileReference section */

/* Begin PBXFrameworksBuildPhase section */
		A2F4B58C28F6A022C113768D /* Frameworks */ = {
			isa = PBXFrameworksBuildPhase;
			buildActionMask = 2147483647;
			files = (
				C66439B6E05752375E3E1827 /* SecureVaultKit in Frameworks */,
			);
			runOnlyForDeploymentPostprocessing = 0;
		};
/* End PBXFrameworksBuildPhase section */

/* Begin PBXGroup section */
		00087E4970E36A61126877F0 /* Settings */ = {
			isa = PBXGroup;
			children = (
				C01D365C6437E131DCAF0607 /* .gitkeep */,
				622D85A71ABEB385B9FE088B /* RecoverySettingsState.swift */,
				488C9E187D0B3EE9BC2BB5D7 /* RecoverySettingsView.swift */,
				5CF042ECEE526A67E3DC565F /* RecoverySettingsViewModel.swift */,
				63FA5C818A4668406948755F /* SecurityCenterState.swift */,
				C37DCA1CD4CE99BA565FA86A /* SecurityCenterView.swift */,
				342E6CC35C389452E48C6525 /* SecurityCenterViewModel.swift */,
				99A95BBC8E8E2B55F3259AFD /* SettingsState.swift */,
				51230AD038FAFDCCD5A4DC49 /* SettingsView.swift */,
				AF387A966E504FABD0A1BB7B /* SettingsViewModel.swift */,
			);
			path = Settings;
			sourceTree = "<group>";
		};
		06218E10AE5D5DE6591B6452 /* ObjectDetail */ = {
			isa = PBXGroup;
			children = (
				7098F95660F1FDADBF2776F6 /* ObjectDetailState.swift */,
				5BC60E9F221D49E90705E91E /* ObjectDetailView.swift */,
				354C05BBD9A957A6D0F2395B /* ObjectDetailViewModel.swift */,
			);
			path = ObjectDetail;
			sourceTree = "<group>";
		};
		0B09D9332B07BE83A6101E47 /* Policies */ = {
			isa = PBXGroup;
			children = (
				4B989D6D6C3C0CD4C8CB9389 /* DuplicateDetectionPolicy.swift */,
				C9060FE875294AFFDD4CF575 /* RetentionPolicy.swift */,
				AFBAD2B53DDE70D1B538C542 /* TrashPolicy.swift */,
			);
			path = Policies;
			sourceTree = "<group>";
		};
		0F9803F0B840604F0E3C1B71 /* Application */ = {
			isa = PBXGroup;
			children = (
				947FA368B425ED354F790262 /* Domain */,
				648231B5A8CF0C03F7B21B9D /* Errors */,
				BF6ED44CB0A430734B954ED4 /* Models */,
				269C41DEAA614A1259E9FF20 /* Services */,
				BFAA2B3CE8D5425B80C3793C /* UseCases */,
			);
			path = Application;
			sourceTree = "<group>";
		};
		140E9A4856DEBACEF0D27895 /* Onboarding */ = {
			isa = PBXGroup;
			children = (
				FDDC5EEFEEE2B4C87933F629 /* OnboardingState.swift */,
				24B84E58C35F2DAF8BD2649F /* OnboardingView.swift */,
				D1FA03B4BAD91F53B809D263 /* OnboardingViewModel.swift */,
			);
			path = Onboarding;
			sourceTree = "<group>";
		};
		18193EDA16EA2D715E769E26 /* IdentityEditor */ = {
			isa = PBXGroup;
			children = (
				75849835886DFA0FA5E241F0 /* IdentityEditorState.swift */,
				E1FA01C7CD629CB4CF64D607 /* IdentityEditorView.swift */,
				45D3DBEE669563CB1C111616 /* IdentityEditorViewModel.swift */,
			);
			path = IdentityEditor;
			sourceTree = "<group>";
		};
		207FD10BFDA607652A141CC5 /* DesignSystem */ = {
			isa = PBXGroup;
			children = (
				E28810B7749CE810AAFF8C9B /* Components */,
				FFB7A11E1B3B9CC3167611F4 /* Styles */,
				2486159E589CB084997CFE4F /* Tokens */,
			);
			path = DesignSystem;
			sourceTree = "<group>";
		};
		2486159E589CB084997CFE4F /* Tokens */ = {
			isa = PBXGroup;
			children = (
				2D47EAB9176A5D7059EE67FD /* .gitkeep */,
			);
			path = Tokens;
			sourceTree = "<group>";
		};
		269C41DEAA614A1259E9FF20 /* Services */ = {
			isa = PBXGroup;
			children = (
				9A267DF723E9AC38A5599F4D /* CardApplicationService.swift */,
				42872D59B51BA177F8904DCE /* DocumentApplicationService.swift */,
				E5424F025B6AA75D4AB9AEC9 /* IdentityApplicationService.swift */,
				C097E3ED8BD6B4389CCA4807 /* SecureNoteApplicationService.swift */,
				22BFD1684100A4CF87DC8756 /* TrashApplicationService.swift */,
			);
			path = Services;
			sourceTree = "<group>";
		};
		2D239267A2238D2DF9967437 /* SecureNoteEditor */ = {
			isa = PBXGroup;
			children = (
				BA65370606088677722D2509 /* SecureNoteEditorState.swift */,
				38A24412BA2DD29E078018AC /* SecureNoteEditorView.swift */,
				72F8DB53EC7CB0AF051609E7 /* SecureNoteEditorViewModel.swift */,
			);
			path = SecureNoteEditor;
			sourceTree = "<group>";
		};
		33A48D25F697E5E12D17C99A = {
			isa = PBXGroup;
			children = (
				EED66029A58C4FF60DB6BA3F /* App */,
				0F9803F0B840604F0E3C1B71 /* Application */,
				207FD10BFDA607652A141CC5 /* DesignSystem */,
				BDC301C23FC712B0ED7A8FBD /* Infrastructure */,
				CCCAFB23D69DEA9EDA316B94 /* Packages */,
				B64715860A736E923A45CEEE /* Presentation */,
				D972AECC99E4AA472A8F4A3D /* Tests */,
				E83244AA5E14A9171B0F2C67 /* Products */,
			);
			sourceTree = "<group>";
		};
		55FD6DEA007A0D3C723533A8 /* CardEditor */ = {
			isa = PBXGroup;
			children = (
				6D26217215610B351EBC56DC /* CardEditorState.swift */,
				470CC588C4C7E3E7CE301135 /* CardEditorView.swift */,
				845B0826579AD21F2F415DCD /* CardEditorViewModel.swift */,
			);
			path = CardEditor;
			sourceTree = "<group>";
		};
		648231B5A8CF0C03F7B21B9D /* Errors */ = {
			isa = PBXGroup;
			children = (
				7ACEF08CF5070235641D7C8D /* AppError.swift */,
				7A4AC6F59F180CFFF4680BCF /* DefaultErrorMapper.swift */,
				3E46080ED431F531DD04FFD7 /* ErrorMapper.swift */,
				A1E9C211F9040A25DD2CD990 /* UserMessage.swift */,
			);
			path = Errors;
			sourceTree = "<group>";
		};
		7FA08EAF12393F90E7BDB650 /* Aggregates */ = {
			isa = PBXGroup;
			children = (
				4B03B8FC520C9A2C34E165E8 /* CardAggregate.swift */,
				94D4CE91598BA1F1B2D58551 /* DocumentAggregate.swift */,
				D2D938304C146587D5240BF9 /* IdentityAggregate.swift */,
				03267E545D6AA1EE933B551F /* SecureNoteAggregate.swift */,
				01E28EEFB79788550086355C /* VaultObjectAggregate.swift */,
			);
			path = Aggregates;
			sourceTree = "<group>";
		};
		947FA368B425ED354F790262 /* Domain */ = {
			isa = PBXGroup;
			children = (
				7FA08EAF12393F90E7BDB650 /* Aggregates */,
				0B09D9332B07BE83A6101E47 /* Policies */,
				FBC93F9ACF5D0524EC2D98B4 /* Validation */,
			);
			path = Domain;
			sourceTree = "<group>";
		};
		A24BC2650CCA4A04A8D47062 /* ImportDocument */ = {
			isa = PBXGroup;
			children = (
				EBF951912AA258723FE13F81 /* .gitkeep */,
				6AFA1F23DC67F870B1C2DA41 /* DocumentImportState.swift */,
				C47E8DF138B4FBE03E0FA2DB /* DocumentImportView.swift */,
				23F9852DC147527B5467947F /* DocumentImportViewModel.swift */,
			);
			path = ImportDocument;
			sourceTree = "<group>";
		};
		B64715860A736E923A45CEEE /* Presentation */ = {
			isa = PBXGroup;
			children = (
				55FD6DEA007A0D3C723533A8 /* CardEditor */,
				18193EDA16EA2D715E769E26 /* IdentityEditor */,
				A24BC2650CCA4A04A8D47062 /* ImportDocument */,
				06218E10AE5D5DE6591B6452 /* ObjectDetail */,
				140E9A4856DEBACEF0D27895 /* Onboarding */,
				B64FE1AE4B4A36FF29467427 /* Recovery */,
				2D239267A2238D2DF9967437 /* SecureNoteEditor */,
				00087E4970E36A61126877F0 /* Settings */,
				DA4ED6629BDD40B701AD14AB /* Trash */,
				EC515A61AE00CB7B76EC1B3B /* Unlock */,
				D9C21554228AE724335DC383 /* VaultHome */,
			);
			path = Presentation;
			sourceTree = "<group>";
		};
		B64FE1AE4B4A36FF29467427 /* Recovery */ = {
			isa = PBXGroup;
			children = (
				F54AF12A297E5DB33501270B /* RecoveryImportView.swift */,
			);
			path = Recovery;
			sourceTree = "<group>";
		};
		BDC301C23FC712B0ED7A8FBD /* Infrastructure */ = {
			isa = PBXGroup;
			children = (
				C29CC8350B4A79E15E368329 /* .gitkeep */,
			);
			path = Infrastructure;
			sourceTree = "<group>";
		};
		BF6ED44CB0A430734B954ED4 /* Models */ = {
			isa = PBXGroup;
			children = (
				770F05D32460C83904C3AB87 /* CardEditorViewData.swift */,
				D869CBFC9D1316E1FAB36274 /* DocumentImportFileInfo.swift */,
				C2F6B5D670DC9E97B8209827 /* IdentityEditorViewData.swift */,
				0638345150C7F33E48863B49 /* SecureNoteEditorViewData.swift */,
				3949738A79411F85B7CDA016 /* ThumbnailViewState.swift */,
			);
			path = Models;
			sourceTree = "<group>";
		};
		BFAA2B3CE8D5425B80C3793C /* UseCases */ = {
			isa = PBXGroup;
			children = (
				CF92BAFB9FEF2456B6AA883C /* CreateCardUseCase.swift */,
				6A8B3EC4F47392ECA0FCC86E /* CreateIdentityUseCase.swift */,
				8F0A22A139361150EA9CECB5 /* CreateSecureNoteUseCase.swift */,
				0ED71E28EE306B9EB7D434E9 /* CreateVaultUseCase.swift */,
				DCE6381BD4C72E62FB1DC4CF /* GetObjectDetailUseCase.swift */,
				3D4C7130CAA1187DF28CAAC4 /* ImportDocumentUseCase.swift */,
				CD513C90897B863FF2D38DD3 /* ImportRecoveryPackageUseCase.swift */,
				DDA87A58DD31584380588D95 /* ListVaultObjectsUseCase.swift */,
				6D743D373C171B3DEE12E521 /* LoadThumbnailUseCase.swift */,
				CA72DE92FDCF05DEC2021A0D /* LockVaultUseCase.swift */,
				00C398225FE777858FBF3844 /* MoveObjectToTrashUseCase.swift */,
				C9B1793F462F399FC4642B00 /* ResolveAppRouteUseCase.swift */,
				89E182B6556F6FD11D77BCA9 /* SearchVaultUseCase.swift */,
				7C0B7B4BBB9F5B7145E8FECD /* SecurityUseCases.swift */,
				7D89FB220B70C1B727A16D45 /* TrashUseCases.swift */,
				13FF25F41CF3B5C9C52676C2 /* UnlockVaultUseCase.swift */,
				17BF72ECCFA1FA1FD0CA1FBE /* UpdateCardUseCase.swift */,
				48A98014C229665D8B0F440E /* UpdateIdentityUseCase.swift */,
				843AB3C587E3DC2795842040 /* UpdateSecureNoteUseCase.swift */,
			);
			path = UseCases;
			sourceTree = "<group>";
		};
		CCCAFB23D69DEA9EDA316B94 /* Packages */ = {
			isa = PBXGroup;
			children = (
				CB2833A66149CA2D80D74886 /* SecureVaultKit */,
			);
			name = Packages;
			sourceTree = "<group>";
		};
		D972AECC99E4AA472A8F4A3D /* Tests */ = {
			isa = PBXGroup;
			children = (
				EFB0E1606333EF82FD6DA269 /* AppContainerPersistenceTests.swift */,
				EE5B41B6419A2B8626091C6D /* ApplicationServiceTests.swift */,
				53ADCB2108F50DF0A4E13095 /* AppNavigationStateMachineTests.swift */,
				842CEF338E4416B28FE587E2 /* CardEditorViewModelTests.swift */,
				9B888A701DBBA4E8C88B93A7 /* DocumentImportViewModelTests.swift */,
				9A403FA6AACDEE0CA3FC0874 /* DomainAggregateTests.swift */,
				6F40D2B6B6FA4133FEDB4D40 /* ErrorMapperTests.swift */,
				7926DEEAAAD25C02C909FF25 /* IdentityEditorViewModelTests.swift */,
				FBE77CDC611B90E83C5AABBA /* ObjectDetailViewModelTests.swift */,
				DD99288E9CCE93BC5935147B /* RecoverySettingsViewModelTests.swift */,
				E650905B403FB73BECBDD6A3 /* SecureNoteEditorViewModelTests.swift */,
				306954ECB2EE21048A4EAE1C /* SettingsSecurityViewModelTests.swift */,
				D23EBA157E08920B75A34C21 /* TrashViewModelTests.swift */,
				D0BF6DAC22261B0FA6548B3A /* UseCaseTests.swift */,
				02F71BE306B8420617F81B7D /* ViewModelTests.swift */,
			);
			path = Tests;
			sourceTree = "<group>";
		};
		D9C21554228AE724335DC383 /* VaultHome */ = {
			isa = PBXGroup;
			children = (
				AA7553EF84557F938646E933 /* VaultHomeState.swift */,
				53157362ED3E07395222A20D /* VaultHomeView.swift */,
				8FADABB948F92B76A29148AE /* VaultHomeViewModel.swift */,
			);
			path = VaultHome;
			sourceTree = "<group>";
		};
		DA4ED6629BDD40B701AD14AB /* Trash */ = {
			isa = PBXGroup;
			children = (
				A9F3A6835AA1D7D9CF5E4DD4 /* .gitkeep */,
				DD188F2FE5D449DF4CF80024 /* TrashState.swift */,
				A37668F3C4C55887B8081F7E /* TrashView.swift */,
				35EC18662AA58A3D3926B353 /* TrashViewModel.swift */,
			);
			path = Trash;
			sourceTree = "<group>";
		};
		E28810B7749CE810AAFF8C9B /* Components */ = {
			isa = PBXGroup;
			children = (
				F9DBAB7AC7B25F1B74956EA5 /* .gitkeep */,
				65B772AB259FF0495E31460A /* ThumbnailImageView.swift */,
			);
			path = Components;
			sourceTree = "<group>";
		};
		E83244AA5E14A9171B0F2C67 /* Products */ = {
			isa = PBXGroup;
			children = (
				8D4C535065C978E138F2879D /* AegisVault.app */,
				9864C5682806B2D8A1C4EC83 /* AegisVaultTests.xctest */,
			);
			name = Products;
			sourceTree = "<group>";
		};
		EC515A61AE00CB7B76EC1B3B /* Unlock */ = {
			isa = PBXGroup;
			children = (
				BD5AAAB3AD477ED5255DFCB2 /* UnlockState.swift */,
				5F603AA8BF6765AB85D3C3E9 /* UnlockView.swift */,
				188A2DB91CA659B7EC266D3F /* UnlockViewModel.swift */,
			);
			path = Unlock;
			sourceTree = "<group>";
		};
		EED66029A58C4FF60DB6BA3F /* App */ = {
			isa = PBXGroup;
			children = (
				EB404F2E61ECFC24527E74AD /* AegisVaultApp.swift */,
				94278D1219689D74CDFA9AEC /* AppContainer.swift */,
				9EE4AF3B98582C32A03406B1 /* AppDependencyFactory.swift */,
				68AA10307B476F7DF589FAD3 /* AppEnvironment.swift */,
				EF907B648CF949047401C159 /* AppNavigationCommand.swift */,
				7C063F150F18F660F878C508 /* AppNavigationCoordinator.swift */,
				DEC24A94AE257EB1D5DD5402 /* AppRoute.swift */,
				08CFDDBF0F9227A04CF7C8E8 /* AppState.swift */,
				A6A443E4E4AED053F843B3F1 /* AppStateMachine.swift */,
				36EAE3B417CF3FE8CBDC4E77 /* FeatureServiceFactory.swift */,
				71C24F2B9B178E4E851D7108 /* RootView.swift */,
				1590654C4A812EDEA86F9610 /* RootViewModel.swift */,
				8EE0BB920499639246128270 /* ViewModelFactory.swift */,
			);
			path = App;
			sourceTree = "<group>";
		};
		FBC93F9ACF5D0524EC2D98B4 /* Validation */ = {
			isa = PBXGroup;
			children = (
				96C5712F96038CB859E763A8 /* CardValidator.swift */,
				CCCAD800E40A30CA46525C2B /* DocumentValidator.swift */,
				D7F45185D6210C61296D9468 /* DomainValidator.swift */,
				D8D74FFD1FD202B2F5469348 /* IdentityValidator.swift */,
				DFE9BFC1AD57569E7FF20CA0 /* SecureNoteValidator.swift */,
				CC9A4B80195041303EA2882A /* ValidationError.swift */,
			);
			path = Validation;
			sourceTree = "<group>";
		};
		FFB7A11E1B3B9CC3167611F4 /* Styles */ = {
			isa = PBXGroup;
			children = (
				81097079FE6EF516A3E309A4 /* .gitkeep */,
			);
			path = Styles;
			sourceTree = "<group>";
		};
/* End PBXGroup section */

/* Begin PBXNativeTarget section */
		7A66638CD3D6821D2A3906C4 /* AegisVault */ = {
			isa = PBXNativeTarget;
			buildConfigurationList = C67817A40717238E16AF4869 /* Build configuration list for PBXNativeTarget "AegisVault" */;
			buildPhases = (
				6FA494E415AB144EC9375DB4 /* Sources */,
				A2F4B58C28F6A022C113768D /* Frameworks */,
			);
			buildRules = (
			);
			dependencies = (
			);
			name = AegisVault;
			packageProductDependencies = (
				EAC076680CA3AC4D82949433 /* SecureVaultKit */,
			);
			productName = AegisVault;
			productReference = 8D4C535065C978E138F2879D /* AegisVault.app */;
			productType = "com.apple.product-type.application";
		};
		E95B3B18EADA542431F17DB8 /* AegisVaultTests */ = {
			isa = PBXNativeTarget;
			buildConfigurationList = F39D6E8C400413E19167296B /* Build configuration list for PBXNativeTarget "AegisVaultTests" */;
			buildPhases = (
				FFF8F6B516C7F5E3162CA83A /* Sources */,
			);
			buildRules = (
			);
			dependencies = (
				85CC8CFB8ACCA3CDD9C38345 /* PBXTargetDependency */,
			);
			name = AegisVaultTests;
			productName = AegisVaultTests;
			productReference = 9864C5682806B2D8A1C4EC83 /* AegisVaultTests.xctest */;
			productType = "com.apple.product-type.bundle.unit-test";
		};
/* End PBXNativeTarget section */

/* Begin PBXProject section */
		1027D51C232821083A959308 /* Project object */ = {
			isa = PBXProject;
			attributes = {
				BuildIndependentTargetsInParallel = YES;
				LastUpgradeCheck = 1430;
				TargetAttributes = {
				};
			};
			buildConfigurationList = AA53771A35868C1A57483DC1 /* Build configuration list for PBXProject "AegisVault" */;
			compatibilityVersion = "Xcode 14.0";
			developmentRegion = en;
			hasScannedForEncodings = 0;
			knownRegions = (
				Base,
				en,
			);
			mainGroup = 33A48D25F697E5E12D17C99A;
			packageReferences = (
				B9F2F5BAD22EAACB3FC2EA25 /* XCLocalSwiftPackageReference "../../packages/SecureVaultKit" */,
			);
			projectDirPath = "";
			projectRoot = "";
			targets = (
				7A66638CD3D6821D2A3906C4 /* AegisVault */,
				E95B3B18EADA542431F17DB8 /* AegisVaultTests */,
			);
		};
/* End PBXProject section */

/* Begin PBXSourcesBuildPhase section */
		6FA494E415AB144EC9375DB4 /* Sources */ = {
			isa = PBXSourcesBuildPhase;
			buildActionMask = 2147483647;
			files = (
				8005C562B8F3E893BAB3EEEC /* AegisVaultApp.swift in Sources */,
				FF6A7121AB3B5A293FD3B9C9 /* AppContainer.swift in Sources */,
				8A9E4C559E5428F3F1F685FB /* AppDependencyFactory.swift in Sources */,
				F141AF1910032F6C3A20E9CB /* AppEnvironment.swift in Sources */,
				B2D7EAB5AFD0F04A8D916E59 /* AppError.swift in Sources */,
				ECAACA78E28498AB34FAF42B /* AppNavigationCommand.swift in Sources */,
				265C447343697FB2841D9A81 /* AppNavigationCoordinator.swift in Sources */,
				7C4EEBA5900C2BD165DADE47 /* AppRoute.swift in Sources */,
				98BCC5F9B650F87D9A8260F2 /* AppState.swift in Sources */,
				97CC2241450844A5FD0C65F3 /* AppStateMachine.swift in Sources */,
				9054A6B6785DB6DB67B858C2 /* CardAggregate.swift in Sources */,
				8DEB04174BB271039B164FC8 /* CardApplicationService.swift in Sources */,
				55A3C8CC97B4F6D950F659AA /* CardEditorState.swift in Sources */,
				D8A25B9C6A729EABF0FA8300 /* CardEditorView.swift in Sources */,
				39434647E6FFEB21591FDEBD /* CardEditorViewData.swift in Sources */,
				F186E85FE907D7C410A23635 /* CardEditorViewModel.swift in Sources */,
				24095452A5096B87BF1188F4 /* CardValidator.swift in Sources */,
				8464693B8E681552DF91461A /* CreateCardUseCase.swift in Sources */,
				E8F66B935518E1994CCF7E60 /* CreateIdentityUseCase.swift in Sources */,
				CF45759F9449D54A86E7C352 /* CreateSecureNoteUseCase.swift in Sources */,
				650BE3C24F5D8B4396F1A7D3 /* CreateVaultUseCase.swift in Sources */,
				A9279581A7A462B4D84F08E2 /* DefaultErrorMapper.swift in Sources */,
				5CAFB8FEF53946986DFD055F /* DocumentAggregate.swift in Sources */,
				FD799FF4C05BC178EE6C1E00 /* DocumentApplicationService.swift in Sources */,
				228731B5E4B80A459F3538C6 /* DocumentImportFileInfo.swift in Sources */,
				6F2927540744073A65FF51E7 /* DocumentImportState.swift in Sources */,
				EC108807C496522368764BC5 /* DocumentImportView.swift in Sources */,
				81F8F62D0421BBF49DE900D1 /* DocumentImportViewModel.swift in Sources */,
				1E69F79BEA31275F0C3E6AB1 /* DocumentValidator.swift in Sources */,
				C0F0C8E2BB2A1C3D78F88BA4 /* DomainValidator.swift in Sources */,
				AF77D505AA0CB57FE7392CF1 /* DuplicateDetectionPolicy.swift in Sources */,
				5C51B3AEDCE4ED9A9E620D0E /* ErrorMapper.swift in Sources */,
				5D7E61CD0614383566D2BBF7 /* FeatureServiceFactory.swift in Sources */,
				E22A93D530816D3CEA156138 /* GetObjectDetailUseCase.swift in Sources */,
				8C577A02B9FC6699F7E69A24 /* IdentityAggregate.swift in Sources */,
				B81B0B45006B930D5156BCED /* IdentityApplicationService.swift in Sources */,
				9A88002C294E5EEE91F4C97B /* IdentityEditorState.swift in Sources */,
				CB08316FD1A7DA88382DA03E /* IdentityEditorView.swift in Sources */,
				1CB9A07DDE4A4D046EB0BBA1 /* IdentityEditorViewData.swift in Sources */,
				0B1189CE790ECFB910263DD2 /* IdentityEditorViewModel.swift in Sources */,
				5C07F24536B986BC6640C062 /* IdentityValidator.swift in Sources */,
				C012FE00A83D5C129F64708B /* ImportDocumentUseCase.swift in Sources */,
				CA9B6CE8059A157B61C7C30C /* ImportRecoveryPackageUseCase.swift in Sources */,
				05A379AE26A7AD5931C5C249 /* ListVaultObjectsUseCase.swift in Sources */,
				669F0BB2A61E63B4D153FE5B /* LoadThumbnailUseCase.swift in Sources */,
				BD68CC48D2BDD3E1B7DC276F /* LockVaultUseCase.swift in Sources */,
				823C64B189A758D757872DA8 /* MoveObjectToTrashUseCase.swift in Sources */,
				940A8CC08E262B94549F7291 /* ObjectDetailState.swift in Sources */,
				90C21205952AB6ABE27C520F /* ObjectDetailView.swift in Sources */,
				981D09236F5A2AEC363F7C9D /* ObjectDetailViewModel.swift in Sources */,
				FADDAD428250BB75606AB9CF /* OnboardingState.swift in Sources */,
				024AC765CAA8AE6EC679BBED /* OnboardingView.swift in Sources */,
				407B2F4B53D88AEE90828876 /* OnboardingViewModel.swift in Sources */,
				5CB3D841395AB9DDB4EFC7FE /* RecoveryImportView.swift in Sources */,
				04B440D30934709B450FE41B /* RecoverySettingsState.swift in Sources */,
				FCD96A0BBAD0023F11194866 /* RecoverySettingsView.swift in Sources */,
				B163A2A0104335B7D7D8BD2C /* RecoverySettingsViewModel.swift in Sources */,
				965E15AC2B70324DC43033DC /* ResolveAppRouteUseCase.swift in Sources */,
				9A9BB107C6392147A39ACD36 /* RetentionPolicy.swift in Sources */,
				20B461381EF2DD81E78F74AD /* RootView.swift in Sources */,
				70562FD245B3C1B83D1C83E3 /* RootViewModel.swift in Sources */,
				0EF662145ACB75E974EEC3A4 /* SearchVaultUseCase.swift in Sources */,
				191E89D3EEB708EE3CCD7AD3 /* SecureNoteAggregate.swift in Sources */,
				AF25C0C3696D7E378F202EDE /* SecureNoteApplicationService.swift in Sources */,
				C67D61EE22D4A167DFC5C9A1 /* SecureNoteEditorState.swift in Sources */,
				786392F210E541533F566786 /* SecureNoteEditorView.swift in Sources */,
				4DFB2932AC8B2A98B9D7ADA7 /* SecureNoteEditorViewData.swift in Sources */,
				7BAD4E33BFFEB3D693A15E3F /* SecureNoteEditorViewModel.swift in Sources */,
				7105BF963DBC6186853266C5 /* SecureNoteValidator.swift in Sources */,
				AE921A11DDC8ACBEEF0B42D8 /* SecurityCenterState.swift in Sources */,
				B814C6D944603DA1CB9DB3E5 /* SecurityCenterView.swift in Sources */,
				76388934D92F84BD8404C246 /* SecurityCenterViewModel.swift in Sources */,
				C6561D3573492AF06672D546 /* SecurityUseCases.swift in Sources */,
				92882DDFE9C6FABB43AD7635 /* SettingsState.swift in Sources */,
				22BFA50EF282B1894AE8D4AD /* SettingsView.swift in Sources */,
				D842FBC0047A07360AD4A9E2 /* SettingsViewModel.swift in Sources */,
				0C023AE9AAEFF1C27DA61864 /* ThumbnailImageView.swift in Sources */,
				05DF0A30DB3BDE0F25CABB81 /* ThumbnailViewState.swift in Sources */,
				F756E2A2AB425D37C0CD7DF3 /* TrashApplicationService.swift in Sources */,
				8683965AF6FCF92002F71289 /* TrashPolicy.swift in Sources */,
				3B7D4EC2120252102E237C36 /* TrashState.swift in Sources */,
				747FF3235159B1D33261417D /* TrashUseCases.swift in Sources */,
				B2B490FB3B97174EBBA5A7EE /* TrashView.swift in Sources */,
				38CCE2E33444C93FEC865250 /* TrashViewModel.swift in Sources */,
				34BAD90A831A640CEB02F30A /* UnlockState.swift in Sources */,
				AC089F6F46E959CF3506A581 /* UnlockVaultUseCase.swift in Sources */,
				44549CE93CE78094547781F6 /* UnlockView.swift in Sources */,
				13DD89BF59B2C07487F0F916 /* UnlockViewModel.swift in Sources */,
				B11828B6E1DA6143F5F47562 /* UpdateCardUseCase.swift in Sources */,
				506263ADD8FDE696FB3A93F1 /* UpdateIdentityUseCase.swift in Sources */,
				0433C1D45FD7139EE08CFA2F /* UpdateSecureNoteUseCase.swift in Sources */,
				B97E9368013B59A31E860AD0 /* UserMessage.swift in Sources */,
				1B2440E41D7DCE4AF630E62C /* ValidationError.swift in Sources */,
				EBD35BC325B1124CF3FCB36C /* VaultHomeState.swift in Sources */,
				CF66096797DF8CDD7111D9B7 /* VaultHomeView.swift in Sources */,
				1B115DF0F4F0653BCB136EB7 /* VaultHomeViewModel.swift in Sources */,
				1F7C2D8D9B9A41A8F3F5F2A1 /* VaultObjectAggregate.swift in Sources */,
				D41D74F07FF5A5F24DFDEF61 /* ViewModelFactory.swift in Sources */,
			);
			runOnlyForDeploymentPostprocessing = 0;
		};
		FFF8F6B516C7F5E3162CA83A /* Sources */ = {
			isa = PBXSourcesBuildPhase;
			buildActionMask = 2147483647;
			files = (
				E75F547DE67ACD59AA461816 /* AppContainerPersistenceTests.swift in Sources */,
				E0840017DB6932A676B1E0E2 /* AppNavigationStateMachineTests.swift in Sources */,
				FD85D11BDA854C0FE41FB9BA /* ApplicationServiceTests.swift in Sources */,
				31337F499F24AD67D2EC4171 /* CardEditorViewModelTests.swift in Sources */,
				A357DD5317C208DDD3398AD7 /* DocumentImportViewModelTests.swift in Sources */,
				9BD6C3B7CC7C2A359682C2CF /* DomainAggregateTests.swift in Sources */,
				324F042CD735D4047A661257 /* ErrorMapperTests.swift in Sources */,
				1A613E0E59CDBE80C690EC03 /* IdentityEditorViewModelTests.swift in Sources */,
				73C6061EC11D6D5FE86F08F0 /* ObjectDetailViewModelTests.swift in Sources */,
				42BCD51FD716B5102BBD462D /* RecoverySettingsViewModelTests.swift in Sources */,
				D6F3458F9515480D13558224 /* SecureNoteEditorViewModelTests.swift in Sources */,
				18D728D5E839242D4DC62054 /* SettingsSecurityViewModelTests.swift in Sources */,
				64C9237E5868508CA08DC6E9 /* TrashViewModelTests.swift in Sources */,
				02862947C8C168787C82C6DB /* UseCaseTests.swift in Sources */,
				F25D4BDE4F9CAE7A9C223062 /* ViewModelTests.swift in Sources */,
			);
			runOnlyForDeploymentPostprocessing = 0;
		};
/* End PBXSourcesBuildPhase section */

/* Begin PBXTargetDependency section */
		85CC8CFB8ACCA3CDD9C38345 /* PBXTargetDependency */ = {
			isa = PBXTargetDependency;
			target = 7A66638CD3D6821D2A3906C4 /* AegisVault */;
			targetProxy = B4ED1CF5BB839289DD8BAF6E /* PBXContainerItemProxy */;
		};
/* End PBXTargetDependency section */

/* Begin XCBuildConfiguration section */
		095AE27BA2EE064835EA96B1 /* Debug */ = {
			isa = XCBuildConfiguration;
			buildSettings = {
				ASSETCATALOG_COMPILER_APPICON_NAME = AppIcon;
				CODE_SIGN_IDENTITY = "iPhone Developer";
				GENERATE_INFOPLIST_FILE = YES;
				INFOPLIST_KEY_CFBundleDisplayName = AegisVault;
				INFOPLIST_KEY_UILaunchScreen_Generation = YES;
				IPHONEOS_DEPLOYMENT_TARGET = 17.0;
				LD_RUNPATH_SEARCH_PATHS = (
					"$(inherited)",
					"@executable_path/Frameworks",
				);
				PRODUCT_BUNDLE_IDENTIFIER = com.aegisvault.app;
				PRODUCT_NAME = AegisVault;
				SDKROOT = iphoneos;
				SWIFT_VERSION = 5.0;
				TARGETED_DEVICE_FAMILY = "1,2";
			};
			name = Debug;
		};
		18F91C01F97FCB518E29F34E /* Debug */ = {
			isa = XCBuildConfiguration;
			buildSettings = {
				BUNDLE_LOADER = "$(TEST_HOST)";
				GENERATE_INFOPLIST_FILE = YES;
				IPHONEOS_DEPLOYMENT_TARGET = 17.0;
				LD_RUNPATH_SEARCH_PATHS = (
					"$(inherited)",
					"@executable_path/Frameworks",
					"@loader_path/Frameworks",
				);
				PRODUCT_BUNDLE_IDENTIFIER = com.aegisvault.app.tests;
				SDKROOT = iphoneos;
				TARGETED_DEVICE_FAMILY = "1,2";
				TEST_HOST = "$(BUILT_PRODUCTS_DIR)/AegisVault.app/AegisVault";
			};
			name = Debug;
		};
		30EF0918474695C098284621 /* Release */ = {
			isa = XCBuildConfiguration;
			buildSettings = {
				BUNDLE_LOADER = "$(TEST_HOST)";
				GENERATE_INFOPLIST_FILE = YES;
				IPHONEOS_DEPLOYMENT_TARGET = 17.0;
				LD_RUNPATH_SEARCH_PATHS = (
					"$(inherited)",
					"@executable_path/Frameworks",
					"@loader_path/Frameworks",
				);
				PRODUCT_BUNDLE_IDENTIFIER = com.aegisvault.app.tests;
				SDKROOT = iphoneos;
				TARGETED_DEVICE_FAMILY = "1,2";
				TEST_HOST = "$(BUILT_PRODUCTS_DIR)/AegisVault.app/AegisVault";
			};
			name = Release;
		};
		32671A5A41F99AEF274E7B3A /* Release */ = {
			isa = XCBuildConfiguration;
			buildSettings = {
				ASSETCATALOG_COMPILER_APPICON_NAME = AppIcon;
				CODE_SIGN_IDENTITY = "iPhone Developer";
				GENERATE_INFOPLIST_FILE = YES;
				INFOPLIST_KEY_CFBundleDisplayName = AegisVault;
				INFOPLIST_KEY_UILaunchScreen_Generation = YES;
				IPHONEOS_DEPLOYMENT_TARGET = 17.0;
				LD_RUNPATH_SEARCH_PATHS = (
					"$(inherited)",
					"@executable_path/Frameworks",
				);
				PRODUCT_BUNDLE_IDENTIFIER = com.aegisvault.app;
				PRODUCT_NAME = AegisVault;
				SDKROOT = iphoneos;
				SWIFT_VERSION = 5.0;
				TARGETED_DEVICE_FAMILY = "1,2";
			};
			name = Release;
		};
		5AB8DF27769FFBB55D318D86 /* Debug */ = {
			isa = XCBuildConfiguration;
			buildSettings = {
				ALWAYS_SEARCH_USER_PATHS = NO;
				CLANG_ANALYZER_NONNULL = YES;
				CLANG_ANALYZER_NUMBER_OBJECT_CONVERSION = YES_AGGRESSIVE;
				CLANG_CXX_LANGUAGE_STANDARD = "gnu++14";
				CLANG_CXX_LIBRARY = "libc++";
				CLANG_ENABLE_MODULES = YES;
				CLANG_ENABLE_OBJC_ARC = YES;
				CLANG_ENABLE_OBJC_WEAK = YES;
				CLANG_WARN_BLOCK_CAPTURE_AUTORELEASING = YES;
				CLANG_WARN_BOOL_CONVERSION = YES;
				CLANG_WARN_COMMA = YES;
				CLANG_WARN_CONSTANT_CONVERSION = YES;
				CLANG_WARN_DEPRECATED_OBJC_IMPLEMENTATIONS = YES;
				CLANG_WARN_DIRECT_OBJC_ISA_USAGE = YES_ERROR;
				CLANG_WARN_DOCUMENTATION_COMMENTS = YES;
				CLANG_WARN_EMPTY_BODY = YES;
				CLANG_WARN_ENUM_CONVERSION = YES;
				CLANG_WARN_INFINITE_RECURSION = YES;
				CLANG_WARN_INT_CONVERSION = YES;
				CLANG_WARN_NON_LITERAL_NULL_CONVERSION = YES;
				CLANG_WARN_OBJC_IMPLICIT_RETAIN_SELF = YES;
				CLANG_WARN_OBJC_LITERAL_CONVERSION = YES;
				CLANG_WARN_OBJC_ROOT_CLASS = YES_ERROR;
				CLANG_WARN_QUOTED_INCLUDE_IN_FRAMEWORK_HEADER = YES;
				CLANG_WARN_RANGE_LOOP_ANALYSIS = YES;
				CLANG_WARN_STRICT_PROTOTYPES = YES;
				CLANG_WARN_SUSPICIOUS_MOVE = YES;
				CLANG_WARN_UNGUARDED_AVAILABILITY = YES_AGGRESSIVE;
				CLANG_WARN_UNREACHABLE_CODE = YES;
				CLANG_WARN__DUPLICATE_METHOD_MATCH = YES;
				COPY_PHASE_STRIP = NO;
				DEBUG_INFORMATION_FORMAT = dwarf;
				ENABLE_STRICT_OBJC_MSGSEND = YES;
				ENABLE_TESTABILITY = YES;
				GCC_C_LANGUAGE_STANDARD = gnu11;
				GCC_DYNAMIC_NO_PIC = NO;
				GCC_NO_COMMON_BLOCKS = YES;
				GCC_OPTIMIZATION_LEVEL = 0;
				GCC_PREPROCESSOR_DEFINITIONS = (
					"$(inherited)",
					"DEBUG=1",
				);
				GCC_WARN_64_TO_32_BIT_CONVERSION = YES;
				GCC_WARN_ABOUT_RETURN_TYPE = YES_ERROR;
				GCC_WARN_UNDECLARED_SELECTOR = YES;
				GCC_WARN_UNINITIALIZED_AUTOS = YES_AGGRESSIVE;
				GCC_WARN_UNUSED_FUNCTION = YES;
				GCC_WARN_UNUSED_VARIABLE = YES;
				IPHONEOS_DEPLOYMENT_TARGET = 17.0;
				MTL_ENABLE_DEBUG_INFO = INCLUDE_SOURCE;
				MTL_FAST_MATH = YES;
				ONLY_ACTIVE_ARCH = YES;
				PRODUCT_NAME = "$(TARGET_NAME)";
				SDKROOT = iphoneos;
				SWIFT_ACTIVE_COMPILATION_CONDITIONS = DEBUG;
				SWIFT_OPTIMIZATION_LEVEL = "-Onone";
				SWIFT_VERSION = 5.0;
			};
			name = Debug;
		};
		B46E88D02F838E0CFEE45912 /* Release */ = {
			isa = XCBuildConfiguration;
			buildSettings = {
				ALWAYS_SEARCH_USER_PATHS = NO;
				CLANG_ANALYZER_NONNULL = YES;
				CLANG_ANALYZER_NUMBER_OBJECT_CONVERSION = YES_AGGRESSIVE;
				CLANG_CXX_LANGUAGE_STANDARD = "gnu++14";
				CLANG_CXX_LIBRARY = "libc++";
				CLANG_ENABLE_MODULES = YES;
				CLANG_ENABLE_OBJC_ARC = YES;
				CLANG_ENABLE_OBJC_WEAK = YES;
				CLANG_WARN_BLOCK_CAPTURE_AUTORELEASING = YES;
				CLANG_WARN_BOOL_CONVERSION = YES;
				CLANG_WARN_COMMA = YES;
				CLANG_WARN_CONSTANT_CONVERSION = YES;
				CLANG_WARN_DEPRECATED_OBJC_IMPLEMENTATIONS = YES;
				CLANG_WARN_DIRECT_OBJC_ISA_USAGE = YES_ERROR;
				CLANG_WARN_DOCUMENTATION_COMMENTS = YES;
				CLANG_WARN_EMPTY_BODY = YES;
				CLANG_WARN_ENUM_CONVERSION = YES;
				CLANG_WARN_INFINITE_RECURSION = YES;
				CLANG_WARN_INT_CONVERSION = YES;
				CLANG_WARN_NON_LITERAL_NULL_CONVERSION = YES;
				CLANG_WARN_OBJC_IMPLICIT_RETAIN_SELF = YES;
				CLANG_WARN_OBJC_LITERAL_CONVERSION = YES;
				CLANG_WARN_OBJC_ROOT_CLASS = YES_ERROR;
				CLANG_WARN_QUOTED_INCLUDE_IN_FRAMEWORK_HEADER = YES;
				CLANG_WARN_RANGE_LOOP_ANALYSIS = YES;
				CLANG_WARN_STRICT_PROTOTYPES = YES;
				CLANG_WARN_SUSPICIOUS_MOVE = YES;
				CLANG_WARN_UNGUARDED_AVAILABILITY = YES_AGGRESSIVE;
				CLANG_WARN_UNREACHABLE_CODE = YES;
				CLANG_WARN__DUPLICATE_METHOD_MATCH = YES;
				COPY_PHASE_STRIP = NO;
				DEBUG_INFORMATION_FORMAT = "dwarf-with-dsym";
				ENABLE_NS_ASSERTIONS = NO;
				ENABLE_STRICT_OBJC_MSGSEND = YES;
				GCC_C_LANGUAGE_STANDARD = gnu11;
				GCC_NO_COMMON_BLOCKS = YES;
				GCC_WARN_64_TO_32_BIT_CONVERSION = YES;
				GCC_WARN_ABOUT_RETURN_TYPE = YES_ERROR;
				GCC_WARN_UNDECLARED_SELECTOR = YES;
				GCC_WARN_UNINITIALIZED_AUTOS = YES_AGGRESSIVE;
				GCC_WARN_UNUSED_FUNCTION = YES;
				GCC_WARN_UNUSED_VARIABLE = YES;
				IPHONEOS_DEPLOYMENT_TARGET = 17.0;
				MTL_ENABLE_DEBUG_INFO = NO;
				MTL_FAST_MATH = YES;
				PRODUCT_NAME = "$(TARGET_NAME)";
				SDKROOT = iphoneos;
				SWIFT_COMPILATION_MODE = wholemodule;
				SWIFT_OPTIMIZATION_LEVEL = "-O";
				SWIFT_VERSION = 5.0;
			};
			name = Release;
		};
/* End XCBuildConfiguration section */

/* Begin XCConfigurationList section */
		AA53771A35868C1A57483DC1 /* Build configuration list for PBXProject "AegisVault" */ = {
			isa = XCConfigurationList;
			buildConfigurations = (
				5AB8DF27769FFBB55D318D86 /* Debug */,
				B46E88D02F838E0CFEE45912 /* Release */,
			);
			defaultConfigurationIsVisible = 0;
			defaultConfigurationName = Debug;
		};
		C67817A40717238E16AF4869 /* Build configuration list for PBXNativeTarget "AegisVault" */ = {
			isa = XCConfigurationList;
			buildConfigurations = (
				095AE27BA2EE064835EA96B1 /* Debug */,
				32671A5A41F99AEF274E7B3A /* Release */,
			);
			defaultConfigurationIsVisible = 0;
			defaultConfigurationName = Debug;
		};
		F39D6E8C400413E19167296B /* Build configuration list for PBXNativeTarget "AegisVaultTests" */ = {
			isa = XCConfigurationList;
			buildConfigurations = (
				18F91C01F97FCB518E29F34E /* Debug */,
				30EF0918474695C098284621 /* Release */,
			);
			defaultConfigurationIsVisible = 0;
			defaultConfigurationName = Debug;
		};
/* End XCConfigurationList section */

/* Begin XCLocalSwiftPackageReference section */
		B9F2F5BAD22EAACB3FC2EA25 /* XCLocalSwiftPackageReference "../../packages/SecureVaultKit" */ = {
			isa = XCLocalSwiftPackageReference;
			relativePath = ../../packages/SecureVaultKit;
		};
/* End XCLocalSwiftPackageReference section */

/* Begin XCSwiftPackageProductDependency section */
		EAC076680CA3AC4D82949433 /* SecureVaultKit */ = {
			isa = XCSwiftPackageProductDependency;
			productName = SecureVaultKit;
		};
/* End XCSwiftPackageProductDependency section */
	};
	rootObject = 1027D51C232821083A959308 /* Project object */;
}
